
Microsoft Visual Studio Solution File, Format Version 12.00
# Visual Studio Version 17
VisualStudioVersion = 17.8.34330.188
MinimumVisualStudioVersion = 10.0.40219.1
Project("{9A19103F-16F7-4668-BE54-9A1E7A4F7556}") = "VDownload", "VDownload\VDownload.csproj", "{2E870B51-B1CC-4D80-BAC6-E06F5C8328E5}"
EndProject
Project("{2150E333-8FDC-42A3-9474-1A3956D46DE8}") = "VDownload.Sources", "VDownload.Sources", "{544D2AC1-40DA-478C-953F-33B28B231D65}"
EndProject
Project("{2150E333-8FDC-42A3-9474-1A3956D46DE8}") = "VDownload.GUI", "VDownload.GUI", "{F96D1D3B-430F-4012-A27B-E78B58D0814A}"
EndProject
Project("{9A19103F-16F7-4668-BE54-9A1E7A4F7556}") = "VDownload.GUI.Views", "VDownload.GUI\VDownload.GUI.Views\VDownload.GUI.Views.csproj", "{B5F04E8E-1265-49A7-991B-D78E245DE205}"
EndProject
Project("{2150E333-8FDC-42A3-9474-1A3956D46DE8}") = "VDownload.GUI.Services", "VDownload.GUI.Services", "{041BC663-561E-4F06-BE64-9726BCB51489}"
EndProject
Project("{9A19103F-16F7-4668-BE54-9A1E7A4F7556}") = "VDownload.GUI.Converters", "VDownload.GUI\VDownload.GUI.Converters\VDownload.GUI.Converters.csproj", "{58869C3F-A480-402C-B65C-A1066589CAFF}"
EndProject
Project("{9A19103F-16F7-4668-BE54-9A1E7A4F7556}") = "VDownload.GUI.Customs", "VDownload.GUI\VDownload.GUI.Customs\VDownload.GUI.Customs.csproj", "{3311D184-92F8-4D31-80EB-D703D2F23CA9}"
EndProject
Project("{2150E333-8FDC-42A3-9474-1A3956D46DE8}") = "VDownload.Services", "VDownload.Services", "{9747F6FF-7EA7-43BD-A6FC-360C6A1DA2A7}"
EndProject
Project("{9A19103F-16F7-4668-BE54-9A1E7A4F7556}") = "VDownload.Services.Search", "VDownload.Services\VDownload.Services.Search\VDownload.Services.Search.csproj", "{843CADF6-A394-4729-80CC-009E6E9B83C2}"
EndProject
Project("{9A19103F-16F7-4668-BE54-9A1E7A4F7556}") = "VDownload.Common", "VDownload.Common\VDownload.Common.csproj", "{E65EEB63-6852-4E06-90A8-7D74BEFF4D66}"
EndProject
Project("{9A19103F-16F7-4668-BE54-9A1E7A4F7556}") = "VDownload.GUI.Services.WebView", "VDownload.GUI\VDownload.GUI.Services\VDownload.GUI.Services.WebView\VDownload.GUI.Services.WebView.csproj", "{43E34D39-251B-4F08-8775-14781C29FFBC}"
EndProject
Project("{9A19103F-16F7-4668-BE54-9A1E7A4F7556}") = "VDownload.GUI.ViewModels", "VDownload.GUI\VDownload.GUI.ViewModels\VDownload.GUI.ViewModels.csproj", "{8177D42F-7F6F-428A-955C-768E103DA7FC}"
EndProject
Project("{9A19103F-16F7-4668-BE54-9A1E7A4F7556}") = "VDownload.GUI.Controls", "VDownload.GUI\VDownload.GUI.Controls\VDownload.GUI.Controls.csproj", "{2197A751-741D-4CC1-8342-C99560C1253C}"
EndProject
Project("{9A19103F-16F7-4668-BE54-9A1E7A4F7556}") = "VDownload.GUI.Services.ResourceDictionaries", "VDownload.GUI\VDownload.GUI.Services\VDownload.GUI.Services.ResourceDictionaries\VDownload.GUI.Services.ResourceDictionaries.csproj", "{1ABDFD57-EEAE-419A-83B9-B5020B3A7614}"
EndProject
Project("{9A19103F-16F7-4668-BE54-9A1E7A4F7556}") = "VDownload.Services.Authentication", "VDownload.Services\VDownload.Services.Authentication\VDownload.Services.Authentication.csproj", "{0838704C-7EB2-460B-9631-DBD5981ED4F1}"
EndProject
Project("{9A19103F-16F7-4668-BE54-9A1E7A4F7556}") = "VDownload.Extensions", "VDownload.Extensions\VDownload.Extensions.csproj", "{398B2437-F6C7-4434-B2A3-72DD24C2C68D}"
EndProject
Project("{9A19103F-16F7-4668-BE54-9A1E7A4F7556}") = "VDownload.Services.Encryption", "VDownload.Services\VDownload.Services.Encryption\VDownload.Services.Encryption.csproj", "{32F0AB18-7AAA-46EA-9CED-BEE6DBB2D4F0}"
EndProject
Project("{2150E333-8FDC-42A3-9474-1A3956D46DE8}") = "VDownload.Sources.Twitch", "VDownload.Sources.Twitch", "{DF04BB29-BEBC-407B-BC52-5F663299E730}"
EndProject
Project("{9A19103F-16F7-4668-BE54-9A1E7A4F7556}") = "VDownload.Sources.Twitch", "VDownload.Sources\VDownload.Sources.Twitch\VDownload.Sources.Twitch\VDownload.Sources.Twitch.csproj", "{AA3DCCE4-352A-46F0-921E-5AEF16F970BF}"
EndProject
Project("{9A19103F-16F7-4668-BE54-9A1E7A4F7556}") = "VDownload.Sources.Twitch.Authentication", "VDownload.Sources\VDownload.Sources.Twitch\VDownload.Sources.Twitch.Authentication\VDownload.Sources.Twitch.Authentication.csproj", "{E2AFCC65-8C3C-4A84-87FE-83EE90CF1269}"
EndProject
Project("{9A19103F-16F7-4668-BE54-9A1E7A4F7556}") = "VDownload.Services.HttpClient", "VDownload.Services\VDownload.Services.HttpClient\VDownload.Services.HttpClient.csproj", "{81AF8367-05F5-47AE-9C98-DFD337170C28}"
EndProject
Project("{9A19103F-16F7-4668-BE54-9A1E7A4F7556}") = "VDownload.GUI.Services.Dialog", "VDownload.GUI\VDownload.GUI.Services\VDownload.GUI.Services.Dialog\VDownload.GUI.Services.Dialog.csproj", "{3F8DC717-CA8E-479F-A357-3658FB5DD5A4}"
EndProject
Project("{9A19103F-16F7-4668-BE54-9A1E7A4F7556}") = "VDownload.Sources.Twitch.Search", "VDownload.Sources\VDownload.Sources.Twitch\VDownload.Sources.Twitch.Search\VDownload.Sources.Twitch.Search.csproj", "{72829E22-9202-475C-8679-C68D558E765C}"
EndProject
Project("{9A19103F-16F7-4668-BE54-9A1E7A4F7556}") = "VDownload.Sources.Twitch.Configuration", "VDownload.Sources\VDownload.Sources.Twitch\VDownload.Sources.Twitch.Configuration\VDownload.Sources.Twitch.Configuration.csproj", "{8A6E6618-C4FD-43D2-AE4D-8467EF76972C}"
EndProject
Project("{9A19103F-16F7-4668-BE54-9A1E7A4F7556}") = "VDownload.Sources.Twitch.Api", "VDownload.Sources\VDownload.Sources.Twitch\VDownload.Sources.Twitch.Api\VDownload.Sources.Twitch.Api.csproj", "{84FAE820-DB5F-46F2-AA6F-6C85F6D2F9AE}"
EndProject
Project("{9A19103F-16F7-4668-BE54-9A1E7A4F7556}") = "VDownload.Services", "VDownload.Services\VDownload.Services\VDownload.Services.csproj", "{9CA7DB33-1534-473F-BCFA-EF1D0BFD186F}"
EndProject
Project("{9A19103F-16F7-4668-BE54-9A1E7A4F7556}") = "VDownload.GUI.Services.StoragePicker", "VDownload.GUI\VDownload.GUI.Services\VDownload.GUI.Services.StoragePicker\VDownload.GUI.Services.StoragePicker.csproj", "{AC55920C-562F-4429-8F1E-CE9AF9EDC41A}"
EndProject
Project("{9A19103F-16F7-4668-BE54-9A1E7A4F7556}") = "VDownload.Tasks", "VDownload.Tasks\VDownload.Tasks.csproj", "{8F2ED21C-FBFF-46AF-BA0D-23A4E88040EE}"
EndProject
Global
	GlobalSection(SolutionConfigurationPlatforms) = preSolution
		Debug|Any CPU = Debug|Any CPU
		Debug|ARM64 = Debug|ARM64
		Debug|x64 = Debug|x64
		Debug|x86 = Debug|x86
		Release|Any CPU = Release|Any CPU
		Release|ARM64 = Release|ARM64
		Release|x64 = Release|x64
		Release|x86 = Release|x86
	EndGlobalSection
	GlobalSection(ProjectConfigurationPlatforms) = postSolution
		{2E870B51-B1CC-4D80-BAC6-E06F5C8328E5}.Debug|Any CPU.ActiveCfg = Debug|x64
		{2E870B51-B1CC-4D80-BAC6-E06F5C8328E5}.Debug|Any CPU.Build.0 = Debug|x64
		{2E870B51-B1CC-4D80-BAC6-E06F5C8328E5}.Debug|Any CPU.Deploy.0 = Debug|x64
		{2E870B51-B1CC-4D80-BAC6-E06F5C8328E5}.Debug|ARM64.ActiveCfg = Debug|ARM64
		{2E870B51-B1CC-4D80-BAC6-E06F5C8328E5}.Debug|ARM64.Build.0 = Debug|ARM64
		{2E870B51-B1CC-4D80-BAC6-E06F5C8328E5}.Debug|ARM64.Deploy.0 = Debug|ARM64
		{2E870B51-B1CC-4D80-BAC6-E06F5C8328E5}.Debug|x64.ActiveCfg = Debug|x64
		{2E870B51-B1CC-4D80-BAC6-E06F5C8328E5}.Debug|x64.Build.0 = Debug|x64
		{2E870B51-B1CC-4D80-BAC6-E06F5C8328E5}.Debug|x64.Deploy.0 = Debug|x64
		{2E870B51-B1CC-4D80-BAC6-E06F5C8328E5}.Debug|x86.ActiveCfg = Debug|x86
		{2E870B51-B1CC-4D80-BAC6-E06F5C8328E5}.Debug|x86.Build.0 = Debug|x86
		{2E870B51-B1CC-4D80-BAC6-E06F5C8328E5}.Debug|x86.Deploy.0 = Debug|x86
		{2E870B51-B1CC-4D80-BAC6-E06F5C8328E5}.Release|Any CPU.ActiveCfg = Release|x64
		{2E870B51-B1CC-4D80-BAC6-E06F5C8328E5}.Release|Any CPU.Build.0 = Release|x64
		{2E870B51-B1CC-4D80-BAC6-E06F5C8328E5}.Release|Any CPU.Deploy.0 = Release|x64
		{2E870B51-B1CC-4D80-BAC6-E06F5C8328E5}.Release|ARM64.ActiveCfg = Release|ARM64
		{2E870B51-B1CC-4D80-BAC6-E06F5C8328E5}.Release|ARM64.Build.0 = Release|ARM64
		{2E870B51-B1CC-4D80-BAC6-E06F5C8328E5}.Release|ARM64.Deploy.0 = Release|ARM64
		{2E870B51-B1CC-4D80-BAC6-E06F5C8328E5}.Release|x64.ActiveCfg = Release|x64
		{2E870B51-B1CC-4D80-BAC6-E06F5C8328E5}.Release|x64.Build.0 = Release|x64
		{2E870B51-B1CC-4D80-BAC6-E06F5C8328E5}.Release|x64.Deploy.0 = Release|x64
		{2E870B51-B1CC-4D80-BAC6-E06F5C8328E5}.Release|x86.ActiveCfg = Release|x86
		{2E870B51-B1CC-4D80-BAC6-E06F5C8328E5}.Release|x86.Build.0 = Release|x86
		{2E870B51-B1CC-4D80-BAC6-E06F5C8328E5}.Release|x86.Deploy.0 = Release|x86
		{B5F04E8E-1265-49A7-991B-D78E245DE205}.Debug|Any CPU.ActiveCfg = Debug|Any CPU
		{B5F04E8E-1265-49A7-991B-D78E245DE205}.Debug|Any CPU.Build.0 = Debug|Any CPU
		{B5F04E8E-1265-49A7-991B-D78E245DE205}.Debug|ARM64.ActiveCfg = Debug|Any CPU
		{B5F04E8E-1265-49A7-991B-D78E245DE205}.Debug|ARM64.Build.0 = Debug|Any CPU
		{B5F04E8E-1265-49A7-991B-D78E245DE205}.Debug|x64.ActiveCfg = Debug|Any CPU
		{B5F04E8E-1265-49A7-991B-D78E245DE205}.Debug|x64.Build.0 = Debug|Any CPU
		{B5F04E8E-1265-49A7-991B-D78E245DE205}.Debug|x86.ActiveCfg = Debug|Any CPU
		{B5F04E8E-1265-49A7-991B-D78E245DE205}.Debug|x86.Build.0 = Debug|Any CPU
		{B5F04E8E-1265-49A7-991B-D78E245DE205}.Release|Any CPU.ActiveCfg = Release|Any CPU
		{B5F04E8E-1265-49A7-991B-D78E245DE205}.Release|Any CPU.Build.0 = Release|Any CPU
		{B5F04E8E-1265-49A7-991B-D78E245DE205}.Release|ARM64.ActiveCfg = Release|Any CPU
		{B5F04E8E-1265-49A7-991B-D78E245DE205}.Release|ARM64.Build.0 = Release|Any CPU
		{B5F04E8E-1265-49A7-991B-D78E245DE205}.Release|x64.ActiveCfg = Release|Any CPU
		{B5F04E8E-1265-49A7-991B-D78E245DE205}.Release|x64.Build.0 = Release|Any CPU
		{B5F04E8E-1265-49A7-991B-D78E245DE205}.Release|x86.ActiveCfg = Release|Any CPU
		{B5F04E8E-1265-49A7-991B-D78E245DE205}.Release|x86.Build.0 = Release|Any CPU
		{58869C3F-A480-402C-B65C-A1066589CAFF}.Debug|Any CPU.ActiveCfg = Debug|Any CPU
		{58869C3F-A480-402C-B65C-A1066589CAFF}.Debug|Any CPU.Build.0 = Debug|Any CPU
		{58869C3F-A480-402C-B65C-A1066589CAFF}.Debug|ARM64.ActiveCfg = Debug|Any CPU
		{58869C3F-A480-402C-B65C-A1066589CAFF}.Debug|ARM64.Build.0 = Debug|Any CPU
		{58869C3F-A480-402C-B65C-A1066589CAFF}.Debug|x64.ActiveCfg = Debug|Any CPU
		{58869C3F-A480-402C-B65C-A1066589CAFF}.Debug|x64.Build.0 = Debug|Any CPU
		{58869C3F-A480-402C-B65C-A1066589CAFF}.Debug|x86.ActiveCfg = Debug|Any CPU
		{58869C3F-A480-402C-B65C-A1066589CAFF}.Debug|x86.Build.0 = Debug|Any CPU
		{58869C3F-A480-402C-B65C-A1066589CAFF}.Release|Any CPU.ActiveCfg = Release|Any CPU
		{58869C3F-A480-402C-B65C-A1066589CAFF}.Release|Any CPU.Build.0 = Release|Any CPU
		{58869C3F-A480-402C-B65C-A1066589CAFF}.Release|ARM64.ActiveCfg = Release|Any CPU
		{58869C3F-A480-402C-B65C-A1066589CAFF}.Release|ARM64.Build.0 = Release|Any CPU
		{58869C3F-A480-402C-B65C-A1066589CAFF}.Release|x64.ActiveCfg = Release|Any CPU
		{58869C3F-A480-402C-B65C-A1066589CAFF}.Release|x64.Build.0 = Release|Any CPU
		{58869C3F-A480-402C-B65C-A1066589CAFF}.Release|x86.ActiveCfg = Release|Any CPU
		{58869C3F-A480-402C-B65C-A1066589CAFF}.Release|x86.Build.0 = Release|Any CPU
		{3311D184-92F8-4D31-80EB-D703D2F23CA9}.Debug|Any CPU.ActiveCfg = Debug|Any CPU
		{3311D184-92F8-4D31-80EB-D703D2F23CA9}.Debug|Any CPU.Build.0 = Debug|Any CPU
		{3311D184-92F8-4D31-80EB-D703D2F23CA9}.Debug|ARM64.ActiveCfg = Debug|Any CPU
		{3311D184-92F8-4D31-80EB-D703D2F23CA9}.Debug|ARM64.Build.0 = Debug|Any CPU
		{3311D184-92F8-4D31-80EB-D703D2F23CA9}.Debug|x64.ActiveCfg = Debug|Any CPU
		{3311D184-92F8-4D31-80EB-D703D2F23CA9}.Debug|x64.Build.0 = Debug|Any CPU
		{3311D184-92F8-4D31-80EB-D703D2F23CA9}.Debug|x86.ActiveCfg = Debug|Any CPU
		{3311D184-92F8-4D31-80EB-D703D2F23CA9}.Debug|x86.Build.0 = Debug|Any CPU
		{3311D184-92F8-4D31-80EB-D703D2F23CA9}.Release|Any CPU.ActiveCfg = Release|Any CPU
		{3311D184-92F8-4D31-80EB-D703D2F23CA9}.Release|Any CPU.Build.0 = Release|Any CPU
		{3311D184-92F8-4D31-80EB-D703D2F23CA9}.Release|ARM64.ActiveCfg = Release|Any CPU
		{3311D184-92F8-4D31-80EB-D703D2F23CA9}.Release|ARM64.Build.0 = Release|Any CPU
		{3311D184-92F8-4D31-80EB-D703D2F23CA9}.Release|x64.ActiveCfg = Release|Any CPU
		{3311D184-92F8-4D31-80EB-D703D2F23CA9}.Release|x64.Build.0 = Release|Any CPU
		{3311D184-92F8-4D31-80EB-D703D2F23CA9}.Release|x86.ActiveCfg = Release|Any CPU
		{3311D184-92F8-4D31-80EB-D703D2F23CA9}.Release|x86.Build.0 = Release|Any CPU
		{843CADF6-A394-4729-80CC-009E6E9B83C2}.Debug|Any CPU.ActiveCfg = Debug|Any CPU
		{843CADF6-A394-4729-80CC-009E6E9B83C2}.Debug|Any CPU.Build.0 = Debug|Any CPU
		{843CADF6-A394-4729-80CC-009E6E9B83C2}.Debug|ARM64.ActiveCfg = Debug|Any CPU
		{843CADF6-A394-4729-80CC-009E6E9B83C2}.Debug|ARM64.Build.0 = Debug|Any CPU
		{843CADF6-A394-4729-80CC-009E6E9B83C2}.Debug|x64.ActiveCfg = Debug|Any CPU
		{843CADF6-A394-4729-80CC-009E6E9B83C2}.Debug|x64.Build.0 = Debug|Any CPU
		{843CADF6-A394-4729-80CC-009E6E9B83C2}.Debug|x86.ActiveCfg = Debug|Any CPU
		{843CADF6-A394-4729-80CC-009E6E9B83C2}.Debug|x86.Build.0 = Debug|Any CPU
		{843CADF6-A394-4729-80CC-009E6E9B83C2}.Release|Any CPU.ActiveCfg = Release|Any CPU
		{843CADF6-A394-4729-80CC-009E6E9B83C2}.Release|Any CPU.Build.0 = Release|Any CPU
		{843CADF6-A394-4729-80CC-009E6E9B83C2}.Release|ARM64.ActiveCfg = Release|Any CPU
		{843CADF6-A394-4729-80CC-009E6E9B83C2}.Release|ARM64.Build.0 = Release|Any CPU
		{843CADF6-A394-4729-80CC-009E6E9B83C2}.Release|x64.ActiveCfg = Release|Any CPU
		{843CADF6-A394-4729-80CC-009E6E9B83C2}.Release|x64.Build.0 = Release|Any CPU
		{843CADF6-A394-4729-80CC-009E6E9B83C2}.Release|x86.ActiveCfg = Release|Any CPU
		{843CADF6-A394-4729-80CC-009E6E9B83C2}.Release|x86.Build.0 = Release|Any CPU
		{E65EEB63-6852-4E06-90A8-7D74BEFF4D66}.Debug|Any CPU.ActiveCfg = Debug|Any CPU
		{E65EEB63-6852-4E06-90A8-7D74BEFF4D66}.Debug|Any CPU.Build.0 = Debug|Any CPU
		{E65EEB63-6852-4E06-90A8-7D74BEFF4D66}.Debug|ARM64.ActiveCfg = Debug|Any CPU
		{E65EEB63-6852-4E06-90A8-7D74BEFF4D66}.Debug|ARM64.Build.0 = Debug|Any CPU
		{E65EEB63-6852-4E06-90A8-7D74BEFF4D66}.Debug|x64.ActiveCfg = Debug|Any CPU
		{E65EEB63-6852-4E06-90A8-7D74BEFF4D66}.Debug|x64.Build.0 = Debug|Any CPU
		{E65EEB63-6852-4E06-90A8-7D74BEFF4D66}.Debug|x86.ActiveCfg = Debug|Any CPU
		{E65EEB63-6852-4E06-90A8-7D74BEFF4D66}.Debug|x86.Build.0 = Debug|Any CPU
		{E65EEB63-6852-4E06-90A8-7D74BEFF4D66}.Release|Any CPU.ActiveCfg = Release|Any CPU
		{E65EEB63-6852-4E06-90A8-7D74BEFF4D66}.Release|Any CPU.Build.0 = Release|Any CPU
		{E65EEB63-6852-4E06-90A8-7D74BEFF4D66}.Release|ARM64.ActiveCfg = Release|Any CPU
		{E65EEB63-6852-4E06-90A8-7D74BEFF4D66}.Release|ARM64.Build.0 = Release|Any CPU
		{E65EEB63-6852-4E06-90A8-7D74BEFF4D66}.Release|x64.ActiveCfg = Release|Any CPU
		{E65EEB63-6852-4E06-90A8-7D74BEFF4D66}.Release|x64.Build.0 = Release|Any CPU
		{E65EEB63-6852-4E06-90A8-7D74BEFF4D66}.Release|x86.ActiveCfg = Release|Any CPU
		{E65EEB63-6852-4E06-90A8-7D74BEFF4D66}.Release|x86.Build.0 = Release|Any CPU
		{43E34D39-251B-4F08-8775-14781C29FFBC}.Debug|Any CPU.ActiveCfg = Debug|Any CPU
		{43E34D39-251B-4F08-8775-14781C29FFBC}.Debug|Any CPU.Build.0 = Debug|Any CPU
		{43E34D39-251B-4F08-8775-14781C29FFBC}.Debug|ARM64.ActiveCfg = Debug|Any CPU
		{43E34D39-251B-4F08-8775-14781C29FFBC}.Debug|ARM64.Build.0 = Debug|Any CPU
		{43E34D39-251B-4F08-8775-14781C29FFBC}.Debug|x64.ActiveCfg = Debug|Any CPU
		{43E34D39-251B-4F08-8775-14781C29FFBC}.Debug|x64.Build.0 = Debug|Any CPU
		{43E34D39-251B-4F08-8775-14781C29FFBC}.Debug|x86.ActiveCfg = Debug|Any CPU
		{43E34D39-251B-4F08-8775-14781C29FFBC}.Debug|x86.Build.0 = Debug|Any CPU
		{43E34D39-251B-4F08-8775-14781C29FFBC}.Release|Any CPU.ActiveCfg = Release|Any CPU
		{43E34D39-251B-4F08-8775-14781C29FFBC}.Release|Any CPU.Build.0 = Release|Any CPU
		{43E34D39-251B-4F08-8775-14781C29FFBC}.Release|ARM64.ActiveCfg = Release|Any CPU
		{43E34D39-251B-4F08-8775-14781C29FFBC}.Release|ARM64.Build.0 = Release|Any CPU
		{43E34D39-251B-4F08-8775-14781C29FFBC}.Release|x64.ActiveCfg = Release|Any CPU
		{43E34D39-251B-4F08-8775-14781C29FFBC}.Release|x64.Build.0 = Release|Any CPU
		{43E34D39-251B-4F08-8775-14781C29FFBC}.Release|x86.ActiveCfg = Release|Any CPU
		{43E34D39-251B-4F08-8775-14781C29FFBC}.Release|x86.Build.0 = Release|Any CPU
		{8177D42F-7F6F-428A-955C-768E103DA7FC}.Debug|Any CPU.ActiveCfg = Debug|Any CPU
		{8177D42F-7F6F-428A-955C-768E103DA7FC}.Debug|Any CPU.Build.0 = Debug|Any CPU
		{8177D42F-7F6F-428A-955C-768E103DA7FC}.Debug|ARM64.ActiveCfg = Debug|Any CPU
		{8177D42F-7F6F-428A-955C-768E103DA7FC}.Debug|ARM64.Build.0 = Debug|Any CPU
		{8177D42F-7F6F-428A-955C-768E103DA7FC}.Debug|x64.ActiveCfg = Debug|Any CPU
		{8177D42F-7F6F-428A-955C-768E103DA7FC}.Debug|x64.Build.0 = Debug|Any CPU
		{8177D42F-7F6F-428A-955C-768E103DA7FC}.Debug|x86.ActiveCfg = Debug|Any CPU
		{8177D42F-7F6F-428A-955C-768E103DA7FC}.Debug|x86.Build.0 = Debug|Any CPU
		{8177D42F-7F6F-428A-955C-768E103DA7FC}.Release|Any CPU.ActiveCfg = Release|Any CPU
		{8177D42F-7F6F-428A-955C-768E103DA7FC}.Release|Any CPU.Build.0 = Release|Any CPU
		{8177D42F-7F6F-428A-955C-768E103DA7FC}.Release|ARM64.ActiveCfg = Release|Any CPU
		{8177D42F-7F6F-428A-955C-768E103DA7FC}.Release|ARM64.Build.0 = Release|Any CPU
		{8177D42F-7F6F-428A-955C-768E103DA7FC}.Release|x64.ActiveCfg = Release|Any CPU
		{8177D42F-7F6F-428A-955C-768E103DA7FC}.Release|x64.Build.0 = Release|Any CPU
		{8177D42F-7F6F-428A-955C-768E103DA7FC}.Release|x86.ActiveCfg = Release|Any CPU
		{8177D42F-7F6F-428A-955C-768E103DA7FC}.Release|x86.Build.0 = Release|Any CPU
		{2197A751-741D-4CC1-8342-C99560C1253C}.Debug|Any CPU.ActiveCfg = Debug|Any CPU
		{2197A751-741D-4CC1-8342-C99560C1253C}.Debug|Any CPU.Build.0 = Debug|Any CPU
		{2197A751-741D-4CC1-8342-C99560C1253C}.Debug|ARM64.ActiveCfg = Debug|Any CPU
		{2197A751-741D-4CC1-8342-C99560C1253C}.Debug|ARM64.Build.0 = Debug|Any CPU
		{2197A751-741D-4CC1-8342-C99560C1253C}.Debug|x64.ActiveCfg = Debug|Any CPU
		{2197A751-741D-4CC1-8342-C99560C1253C}.Debug|x64.Build.0 = Debug|Any CPU
		{2197A751-741D-4CC1-8342-C99560C1253C}.Debug|x86.ActiveCfg = Debug|Any CPU
		{2197A751-741D-4CC1-8342-C99560C1253C}.Debug|x86.Build.0 = Debug|Any CPU
		{2197A751-741D-4CC1-8342-C99560C1253C}.Release|Any CPU.ActiveCfg = Release|Any CPU
		{2197A751-741D-4CC1-8342-C99560C1253C}.Release|Any CPU.Build.0 = Release|Any CPU
		{2197A751-741D-4CC1-8342-C99560C1253C}.Release|ARM64.ActiveCfg = Release|Any CPU
		{2197A751-741D-4CC1-8342-C99560C1253C}.Release|ARM64.Build.0 = Release|Any CPU
		{2197A751-741D-4CC1-8342-C99560C1253C}.Release|x64.ActiveCfg = Release|Any CPU
		{2197A751-741D-4CC1-8342-C99560C1253C}.Release|x64.Build.0 = Release|Any CPU
		{2197A751-741D-4CC1-8342-C99560C1253C}.Release|x86.ActiveCfg = Release|Any CPU
		{2197A751-741D-4CC1-8342-C99560C1253C}.Release|x86.Build.0 = Release|Any CPU
		{1ABDFD57-EEAE-419A-83B9-B5020B3A7614}.Debug|Any CPU.ActiveCfg = Debug|Any CPU
		{1ABDFD57-EEAE-419A-83B9-B5020B3A7614}.Debug|Any CPU.Build.0 = Debug|Any CPU
		{1ABDFD57-EEAE-419A-83B9-B5020B3A7614}.Debug|ARM64.ActiveCfg = Debug|Any CPU
		{1ABDFD57-EEAE-419A-83B9-B5020B3A7614}.Debug|ARM64.Build.0 = Debug|Any CPU
		{1ABDFD57-EEAE-419A-83B9-B5020B3A7614}.Debug|x64.ActiveCfg = Debug|Any CPU
		{1ABDFD57-EEAE-419A-83B9-B5020B3A7614}.Debug|x64.Build.0 = Debug|Any CPU
		{1ABDFD57-EEAE-419A-83B9-B5020B3A7614}.Debug|x86.ActiveCfg = Debug|Any CPU
		{1ABDFD57-EEAE-419A-83B9-B5020B3A7614}.Debug|x86.Build.0 = Debug|Any CPU
		{1ABDFD57-EEAE-419A-83B9-B5020B3A7614}.Release|Any CPU.ActiveCfg = Release|Any CPU
		{1ABDFD57-EEAE-419A-83B9-B5020B3A7614}.Release|Any CPU.Build.0 = Release|Any CPU
		{1ABDFD57-EEAE-419A-83B9-B5020B3A7614}.Release|ARM64.ActiveCfg = Release|Any CPU
		{1ABDFD57-EEAE-419A-83B9-B5020B3A7614}.Release|ARM64.Build.0 = Release|Any CPU
		{1ABDFD57-EEAE-419A-83B9-B5020B3A7614}.Release|x64.ActiveCfg = Release|Any CPU
		{1ABDFD57-EEAE-419A-83B9-B5020B3A7614}.Release|x64.Build.0 = Release|Any CPU
		{1ABDFD57-EEAE-419A-83B9-B5020B3A7614}.Release|x86.ActiveCfg = Release|Any CPU
		{1ABDFD57-EEAE-419A-83B9-B5020B3A7614}.Release|x86.Build.0 = Release|Any CPU
		{0838704C-7EB2-460B-9631-DBD5981ED4F1}.Debug|Any CPU.ActiveCfg = Debug|Any CPU
		{0838704C-7EB2-460B-9631-DBD5981ED4F1}.Debug|Any CPU.Build.0 = Debug|Any CPU
		{0838704C-7EB2-460B-9631-DBD5981ED4F1}.Debug|ARM64.ActiveCfg = Debug|Any CPU
		{0838704C-7EB2-460B-9631-DBD5981ED4F1}.Debug|ARM64.Build.0 = Debug|Any CPU
		{0838704C-7EB2-460B-9631-DBD5981ED4F1}.Debug|x64.ActiveCfg = Debug|Any CPU
		{0838704C-7EB2-460B-9631-DBD5981ED4F1}.Debug|x64.Build.0 = Debug|Any CPU
		{0838704C-7EB2-460B-9631-DBD5981ED4F1}.Debug|x86.ActiveCfg = Debug|Any CPU
		{0838704C-7EB2-460B-9631-DBD5981ED4F1}.Debug|x86.Build.0 = Debug|Any CPU
		{0838704C-7EB2-460B-9631-DBD5981ED4F1}.Release|Any CPU.ActiveCfg = Release|Any CPU
		{0838704C-7EB2-460B-9631-DBD5981ED4F1}.Release|Any CPU.Build.0 = Release|Any CPU
		{0838704C-7EB2-460B-9631-DBD5981ED4F1}.Release|ARM64.ActiveCfg = Release|Any CPU
		{0838704C-7EB2-460B-9631-DBD5981ED4F1}.Release|ARM64.Build.0 = Release|Any CPU
		{0838704C-7EB2-460B-9631-DBD5981ED4F1}.Release|x64.ActiveCfg = Release|Any CPU
		{0838704C-7EB2-460B-9631-DBD5981ED4F1}.Release|x64.Build.0 = Release|Any CPU
		{0838704C-7EB2-460B-9631-DBD5981ED4F1}.Release|x86.ActiveCfg = Release|Any CPU
		{0838704C-7EB2-460B-9631-DBD5981ED4F1}.Release|x86.Build.0 = Release|Any CPU
		{398B2437-F6C7-4434-B2A3-72DD24C2C68D}.Debug|Any CPU.ActiveCfg = Debug|Any CPU
		{398B2437-F6C7-4434-B2A3-72DD24C2C68D}.Debug|Any CPU.Build.0 = Debug|Any CPU
		{398B2437-F6C7-4434-B2A3-72DD24C2C68D}.Debug|ARM64.ActiveCfg = Debug|Any CPU
		{398B2437-F6C7-4434-B2A3-72DD24C2C68D}.Debug|ARM64.Build.0 = Debug|Any CPU
		{398B2437-F6C7-4434-B2A3-72DD24C2C68D}.Debug|x64.ActiveCfg = Debug|Any CPU
		{398B2437-F6C7-4434-B2A3-72DD24C2C68D}.Debug|x64.Build.0 = Debug|Any CPU
		{398B2437-F6C7-4434-B2A3-72DD24C2C68D}.Debug|x86.ActiveCfg = Debug|Any CPU
		{398B2437-F6C7-4434-B2A3-72DD24C2C68D}.Debug|x86.Build.0 = Debug|Any CPU
		{398B2437-F6C7-4434-B2A3-72DD24C2C68D}.Release|Any CPU.ActiveCfg = Release|Any CPU
		{398B2437-F6C7-4434-B2A3-72DD24C2C68D}.Release|Any CPU.Build.0 = Release|Any CPU
		{398B2437-F6C7-4434-B2A3-72DD24C2C68D}.Release|ARM64.ActiveCfg = Release|Any CPU
		{398B2437-F6C7-4434-B2A3-72DD24C2C68D}.Release|ARM64.Build.0 = Release|Any CPU
		{398B2437-F6C7-4434-B2A3-72DD24C2C68D}.Release|x64.ActiveCfg = Release|Any CPU
		{398B2437-F6C7-4434-B2A3-72DD24C2C68D}.Release|x64.Build.0 = Release|Any CPU
		{398B2437-F6C7-4434-B2A3-72DD24C2C68D}.Release|x86.ActiveCfg = Release|Any CPU
		{398B2437-F6C7-4434-B2A3-72DD24C2C68D}.Release|x86.Build.0 = Release|Any CPU
		{32F0AB18-7AAA-46EA-9CED-BEE6DBB2D4F0}.Debug|Any CPU.ActiveCfg = Debug|Any CPU
		{32F0AB18-7AAA-46EA-9CED-BEE6DBB2D4F0}.Debug|Any CPU.Build.0 = Debug|Any CPU
		{32F0AB18-7AAA-46EA-9CED-BEE6DBB2D4F0}.Debug|ARM64.ActiveCfg = Debug|Any CPU
		{32F0AB18-7AAA-46EA-9CED-BEE6DBB2D4F0}.Debug|ARM64.Build.0 = Debug|Any CPU
		{32F0AB18-7AAA-46EA-9CED-BEE6DBB2D4F0}.Debug|x64.ActiveCfg = Debug|Any CPU
		{32F0AB18-7AAA-46EA-9CED-BEE6DBB2D4F0}.Debug|x64.Build.0 = Debug|Any CPU
		{32F0AB18-7AAA-46EA-9CED-BEE6DBB2D4F0}.Debug|x86.ActiveCfg = Debug|Any CPU
		{32F0AB18-7AAA-46EA-9CED-BEE6DBB2D4F0}.Debug|x86.Build.0 = Debug|Any CPU
		{32F0AB18-7AAA-46EA-9CED-BEE6DBB2D4F0}.Release|Any CPU.ActiveCfg = Release|Any CPU
		{32F0AB18-7AAA-46EA-9CED-BEE6DBB2D4F0}.Release|Any CPU.Build.0 = Release|Any CPU
		{32F0AB18-7AAA-46EA-9CED-BEE6DBB2D4F0}.Release|ARM64.ActiveCfg = Release|Any CPU
		{32F0AB18-7AAA-46EA-9CED-BEE6DBB2D4F0}.Release|ARM64.Build.0 = Release|Any CPU
		{32F0AB18-7AAA-46EA-9CED-BEE6DBB2D4F0}.Release|x64.ActiveCfg = Release|Any CPU
		{32F0AB18-7AAA-46EA-9CED-BEE6DBB2D4F0}.Release|x64.Build.0 = Release|Any CPU
		{32F0AB18-7AAA-46EA-9CED-BEE6DBB2D4F0}.Release|x86.ActiveCfg = Release|Any CPU
		{32F0AB18-7AAA-46EA-9CED-BEE6DBB2D4F0}.Release|x86.Build.0 = Release|Any CPU
		{AA3DCCE4-352A-46F0-921E-5AEF16F970BF}.Debug|Any CPU.ActiveCfg = Debug|Any CPU
		{AA3DCCE4-352A-46F0-921E-5AEF16F970BF}.Debug|Any CPU.Build.0 = Debug|Any CPU
		{AA3DCCE4-352A-46F0-921E-5AEF16F970BF}.Debug|ARM64.ActiveCfg = Debug|Any CPU
		{AA3DCCE4-352A-46F0-921E-5AEF16F970BF}.Debug|ARM64.Build.0 = Debug|Any CPU
		{AA3DCCE4-352A-46F0-921E-5AEF16F970BF}.Debug|x64.ActiveCfg = Debug|Any CPU
		{AA3DCCE4-352A-46F0-921E-5AEF16F970BF}.Debug|x64.Build.0 = Debug|Any CPU
		{AA3DCCE4-352A-46F0-921E-5AEF16F970BF}.Debug|x86.ActiveCfg = Debug|Any CPU
		{AA3DCCE4-352A-46F0-921E-5AEF16F970BF}.Debug|x86.Build.0 = Debug|Any CPU
		{AA3DCCE4-352A-46F0-921E-5AEF16F970BF}.Release|Any CPU.ActiveCfg = Release|Any CPU
		{AA3DCCE4-352A-46F0-921E-5AEF16F970BF}.Release|Any CPU.Build.0 = Release|Any CPU
		{AA3DCCE4-352A-46F0-921E-5AEF16F970BF}.Release|ARM64.ActiveCfg = Release|Any CPU
		{AA3DCCE4-352A-46F0-921E-5AEF16F970BF}.Release|ARM64.Build.0 = Release|Any CPU
		{AA3DCCE4-352A-46F0-921E-5AEF16F970BF}.Release|x64.ActiveCfg = Release|Any CPU
		{AA3DCCE4-352A-46F0-921E-5AEF16F970BF}.Release|x64.Build.0 = Release|Any CPU
		{AA3DCCE4-352A-46F0-921E-5AEF16F970BF}.Release|x86.ActiveCfg = Release|Any CPU
		{AA3DCCE4-352A-46F0-921E-5AEF16F970BF}.Release|x86.Build.0 = Release|Any CPU
		{E2AFCC65-8C3C-4A84-87FE-83EE90CF1269}.Debug|Any CPU.ActiveCfg = Debug|Any CPU
		{E2AFCC65-8C3C-4A84-87FE-83EE90CF1269}.Debug|Any CPU.Build.0 = Debug|Any CPU
		{E2AFCC65-8C3C-4A84-87FE-83EE90CF1269}.Debug|ARM64.ActiveCfg = Debug|Any CPU
		{E2AFCC65-8C3C-4A84-87FE-83EE90CF1269}.Debug|ARM64.Build.0 = Debug|Any CPU
		{E2AFCC65-8C3C-4A84-87FE-83EE90CF1269}.Debug|x64.ActiveCfg = Debug|Any CPU
		{E2AFCC65-8C3C-4A84-87FE-83EE90CF1269}.Debug|x64.Build.0 = Debug|Any CPU
		{E2AFCC65-8C3C-4A84-87FE-83EE90CF1269}.Debug|x86.ActiveCfg = Debug|Any CPU
		{E2AFCC65-8C3C-4A84-87FE-83EE90CF1269}.Debug|x86.Build.0 = Debug|Any CPU
		{E2AFCC65-8C3C-4A84-87FE-83EE90CF1269}.Release|Any CPU.ActiveCfg = Release|Any CPU
		{E2AFCC65-8C3C-4A84-87FE-83EE90CF1269}.Release|Any CPU.Build.0 = Release|Any CPU
		{E2AFCC65-8C3C-4A84-87FE-83EE90CF1269}.Release|ARM64.ActiveCfg = Release|Any CPU
		{E2AFCC65-8C3C-4A84-87FE-83EE90CF1269}.Release|ARM64.Build.0 = Release|Any CPU
		{E2AFCC65-8C3C-4A84-87FE-83EE90CF1269}.Release|x64.ActiveCfg = Release|Any CPU
		{E2AFCC65-8C3C-4A84-87FE-83EE90CF1269}.Release|x64.Build.0 = Release|Any CPU
		{E2AFCC65-8C3C-4A84-87FE-83EE90CF1269}.Release|x86.ActiveCfg = Release|Any CPU
		{E2AFCC65-8C3C-4A84-87FE-83EE90CF1269}.Release|x86.Build.0 = Release|Any CPU
		{81AF8367-05F5-47AE-9C98-DFD337170C28}.Debug|Any CPU.ActiveCfg = Debug|Any CPU
		{81AF8367-05F5-47AE-9C98-DFD337170C28}.Debug|Any CPU.Build.0 = Debug|Any CPU
		{81AF8367-05F5-47AE-9C98-DFD337170C28}.Debug|ARM64.ActiveCfg = Debug|Any CPU
		{81AF8367-05F5-47AE-9C98-DFD337170C28}.Debug|ARM64.Build.0 = Debug|Any CPU
		{81AF8367-05F5-47AE-9C98-DFD337170C28}.Debug|x64.ActiveCfg = Debug|Any CPU
		{81AF8367-05F5-47AE-9C98-DFD337170C28}.Debug|x64.Build.0 = Debug|Any CPU
		{81AF8367-05F5-47AE-9C98-DFD337170C28}.Debug|x86.ActiveCfg = Debug|Any CPU
		{81AF8367-05F5-47AE-9C98-DFD337170C28}.Debug|x86.Build.0 = Debug|Any CPU
		{81AF8367-05F5-47AE-9C98-DFD337170C28}.Release|Any CPU.ActiveCfg = Release|Any CPU
		{81AF8367-05F5-47AE-9C98-DFD337170C28}.Release|Any CPU.Build.0 = Release|Any CPU
		{81AF8367-05F5-47AE-9C98-DFD337170C28}.Release|ARM64.ActiveCfg = Release|Any CPU
		{81AF8367-05F5-47AE-9C98-DFD337170C28}.Release|ARM64.Build.0 = Release|Any CPU
		{81AF8367-05F5-47AE-9C98-DFD337170C28}.Release|x64.ActiveCfg = Release|Any CPU
		{81AF8367-05F5-47AE-9C98-DFD337170C28}.Release|x64.Build.0 = Release|Any CPU
		{81AF8367-05F5-47AE-9C98-DFD337170C28}.Release|x86.ActiveCfg = Release|Any CPU
		{81AF8367-05F5-47AE-9C98-DFD337170C28}.Release|x86.Build.0 = Release|Any CPU
		{3F8DC717-CA8E-479F-A357-3658FB5DD5A4}.Debug|Any CPU.ActiveCfg = Debug|Any CPU
		{3F8DC717-CA8E-479F-A357-3658FB5DD5A4}.Debug|Any CPU.Build.0 = Debug|Any CPU
		{3F8DC717-CA8E-479F-A357-3658FB5DD5A4}.Debug|ARM64.ActiveCfg = Debug|Any CPU
		{3F8DC717-CA8E-479F-A357-3658FB5DD5A4}.Debug|ARM64.Build.0 = Debug|Any CPU
		{3F8DC717-CA8E-479F-A357-3658FB5DD5A4}.Debug|x64.ActiveCfg = Debug|Any CPU
		{3F8DC717-CA8E-479F-A357-3658FB5DD5A4}.Debug|x64.Build.0 = Debug|Any CPU
		{3F8DC717-CA8E-479F-A357-3658FB5DD5A4}.Debug|x86.ActiveCfg = Debug|Any CPU
		{3F8DC717-CA8E-479F-A357-3658FB5DD5A4}.Debug|x86.Build.0 = Debug|Any CPU
		{3F8DC717-CA8E-479F-A357-3658FB5DD5A4}.Release|Any CPU.ActiveCfg = Release|Any CPU
		{3F8DC717-CA8E-479F-A357-3658FB5DD5A4}.Release|Any CPU.Build.0 = Release|Any CPU
		{3F8DC717-CA8E-479F-A357-3658FB5DD5A4}.Release|ARM64.ActiveCfg = Release|Any CPU
		{3F8DC717-CA8E-479F-A357-3658FB5DD5A4}.Release|ARM64.Build.0 = Release|Any CPU
		{3F8DC717-CA8E-479F-A357-3658FB5DD5A4}.Release|x64.ActiveCfg = Release|Any CPU
		{3F8DC717-CA8E-479F-A357-3658FB5DD5A4}.Release|x64.Build.0 = Release|Any CPU
		{3F8DC717-CA8E-479F-A357-3658FB5DD5A4}.Release|x86.ActiveCfg = Release|Any CPU
		{3F8DC717-CA8E-479F-A357-3658FB5DD5A4}.Release|x86.Build.0 = Release|Any CPU
		{72829E22-9202-475C-8679-C68D558E765C}.Debug|Any CPU.ActiveCfg = Debug|Any CPU
		{72829E22-9202-475C-8679-C68D558E765C}.Debug|Any CPU.Build.0 = Debug|Any CPU
		{72829E22-9202-475C-8679-C68D558E765C}.Debug|ARM64.ActiveCfg = Debug|Any CPU
		{72829E22-9202-475C-8679-C68D558E765C}.Debug|ARM64.Build.0 = Debug|Any CPU
		{72829E22-9202-475C-8679-C68D558E765C}.Debug|x64.ActiveCfg = Debug|Any CPU
		{72829E22-9202-475C-8679-C68D558E765C}.Debug|x64.Build.0 = Debug|Any CPU
		{72829E22-9202-475C-8679-C68D558E765C}.Debug|x86.ActiveCfg = Debug|Any CPU
		{72829E22-9202-475C-8679-C68D558E765C}.Debug|x86.Build.0 = Debug|Any CPU
		{72829E22-9202-475C-8679-C68D558E765C}.Release|Any CPU.ActiveCfg = Release|Any CPU
		{72829E22-9202-475C-8679-C68D558E765C}.Release|Any CPU.Build.0 = Release|Any CPU
		{72829E22-9202-475C-8679-C68D558E765C}.Release|ARM64.ActiveCfg = Release|Any CPU
		{72829E22-9202-475C-8679-C68D558E765C}.Release|ARM64.Build.0 = Release|Any CPU
		{72829E22-9202-475C-8679-C68D558E765C}.Release|x64.ActiveCfg = Release|Any CPU
		{72829E22-9202-475C-8679-C68D558E765C}.Release|x64.Build.0 = Release|Any CPU
		{72829E22-9202-475C-8679-C68D558E765C}.Release|x86.ActiveCfg = Release|Any CPU
		{72829E22-9202-475C-8679-C68D558E765C}.Release|x86.Build.0 = Release|Any CPU
		{8A6E6618-C4FD-43D2-AE4D-8467EF76972C}.Debug|Any CPU.ActiveCfg = Debug|Any CPU
		{8A6E6618-C4FD-43D2-AE4D-8467EF76972C}.Debug|Any CPU.Build.0 = Debug|Any CPU
		{8A6E6618-C4FD-43D2-AE4D-8467EF76972C}.Debug|ARM64.ActiveCfg = Debug|Any CPU
		{8A6E6618-C4FD-43D2-AE4D-8467EF76972C}.Debug|ARM64.Build.0 = Debug|Any CPU
		{8A6E6618-C4FD-43D2-AE4D-8467EF76972C}.Debug|x64.ActiveCfg = Debug|Any CPU
		{8A6E6618-C4FD-43D2-AE4D-8467EF76972C}.Debug|x64.Build.0 = Debug|Any CPU
		{8A6E6618-C4FD-43D2-AE4D-8467EF76972C}.Debug|x86.ActiveCfg = Debug|Any CPU
		{8A6E6618-C4FD-43D2-AE4D-8467EF76972C}.Debug|x86.Build.0 = Debug|Any CPU
		{8A6E6618-C4FD-43D2-AE4D-8467EF76972C}.Release|Any CPU.ActiveCfg = Release|Any CPU
		{8A6E6618-C4FD-43D2-AE4D-8467EF76972C}.Release|Any CPU.Build.0 = Release|Any CPU
		{8A6E6618-C4FD-43D2-AE4D-8467EF76972C}.Release|ARM64.ActiveCfg = Release|Any CPU
		{8A6E6618-C4FD-43D2-AE4D-8467EF76972C}.Release|ARM64.Build.0 = Release|Any CPU
		{8A6E6618-C4FD-43D2-AE4D-8467EF76972C}.Release|x64.ActiveCfg = Release|Any CPU
		{8A6E6618-C4FD-43D2-AE4D-8467EF76972C}.Release|x64.Build.0 = Release|Any CPU
		{8A6E6618-C4FD-43D2-AE4D-8467EF76972C}.Release|x86.ActiveCfg = Release|Any CPU
		{8A6E6618-C4FD-43D2-AE4D-8467EF76972C}.Release|x86.Build.0 = Release|Any CPU
		{84FAE820-DB5F-46F2-AA6F-6C85F6D2F9AE}.Debug|Any CPU.ActiveCfg = Debug|Any CPU
		{84FAE820-DB5F-46F2-AA6F-6C85F6D2F9AE}.Debug|Any CPU.Build.0 = Debug|Any CPU
		{84FAE820-DB5F-46F2-AA6F-6C85F6D2F9AE}.Debug|ARM64.ActiveCfg = Debug|Any CPU
		{84FAE820-DB5F-46F2-AA6F-6C85F6D2F9AE}.Debug|ARM64.Build.0 = Debug|Any CPU
		{84FAE820-DB5F-46F2-AA6F-6C85F6D2F9AE}.Debug|x64.ActiveCfg = Debug|Any CPU
		{84FAE820-DB5F-46F2-AA6F-6C85F6D2F9AE}.Debug|x64.Build.0 = Debug|Any CPU
		{84FAE820-DB5F-46F2-AA6F-6C85F6D2F9AE}.Debug|x86.ActiveCfg = Debug|Any CPU
		{84FAE820-DB5F-46F2-AA6F-6C85F6D2F9AE}.Debug|x86.Build.0 = Debug|Any CPU
		{84FAE820-DB5F-46F2-AA6F-6C85F6D2F9AE}.Release|Any CPU.ActiveCfg = Release|Any CPU
		{84FAE820-DB5F-46F2-AA6F-6C85F6D2F9AE}.Release|Any CPU.Build.0 = Release|Any CPU
		{84FAE820-DB5F-46F2-AA6F-6C85F6D2F9AE}.Release|ARM64.ActiveCfg = Release|Any CPU
		{84FAE820-DB5F-46F2-AA6F-6C85F6D2F9AE}.Release|ARM64.Build.0 = Release|Any CPU
		{84FAE820-DB5F-46F2-AA6F-6C85F6D2F9AE}.Release|x64.ActiveCfg = Release|Any CPU
		{84FAE820-DB5F-46F2-AA6F-6C85F6D2F9AE}.Release|x64.Build.0 = Release|Any CPU
		{84FAE820-DB5F-46F2-AA6F-6C85F6D2F9AE}.Release|x86.ActiveCfg = Release|Any CPU
		{84FAE820-DB5F-46F2-AA6F-6C85F6D2F9AE}.Release|x86.Build.0 = Release|Any CPU
		{9CA7DB33-1534-473F-BCFA-EF1D0BFD186F}.Debug|Any CPU.ActiveCfg = Debug|Any CPU
		{9CA7DB33-1534-473F-BCFA-EF1D0BFD186F}.Debug|Any CPU.Build.0 = Debug|Any CPU
		{9CA7DB33-1534-473F-BCFA-EF1D0BFD186F}.Debug|ARM64.ActiveCfg = Debug|Any CPU
		{9CA7DB33-1534-473F-BCFA-EF1D0BFD186F}.Debug|ARM64.Build.0 = Debug|Any CPU
		{9CA7DB33-1534-473F-BCFA-EF1D0BFD186F}.Debug|x64.ActiveCfg = Debug|Any CPU
		{9CA7DB33-1534-473F-BCFA-EF1D0BFD186F}.Debug|x64.Build.0 = Debug|Any CPU
		{9CA7DB33-1534-473F-BCFA-EF1D0BFD186F}.Debug|x86.ActiveCfg = Debug|Any CPU
		{9CA7DB33-1534-473F-BCFA-EF1D0BFD186F}.Debug|x86.Build.0 = Debug|Any CPU
		{9CA7DB33-1534-473F-BCFA-EF1D0BFD186F}.Release|Any CPU.ActiveCfg = Release|Any CPU
		{9CA7DB33-1534-473F-BCFA-EF1D0BFD186F}.Release|Any CPU.Build.0 = Release|Any CPU
		{9CA7DB33-1534-473F-BCFA-EF1D0BFD186F}.Release|ARM64.ActiveCfg = Release|Any CPU
		{9CA7DB33-1534-473F-BCFA-EF1D0BFD186F}.Release|ARM64.Build.0 = Release|Any CPU
		{9CA7DB33-1534-473F-BCFA-EF1D0BFD186F}.Release|x64.ActiveCfg = Release|Any CPU
		{9CA7DB33-1534-473F-BCFA-EF1D0BFD186F}.Release|x64.Build.0 = Release|Any CPU
		{9CA7DB33-1534-473F-BCFA-EF1D0BFD186F}.Release|x86.ActiveCfg = Release|Any CPU
		{9CA7DB33-1534-473F-BCFA-EF1D0BFD186F}.Release|x86.Build.0 = Release|Any CPU
		{AC55920C-562F-4429-8F1E-CE9AF9EDC41A}.Debug|Any CPU.ActiveCfg = Debug|Any CPU
		{AC55920C-562F-4429-8F1E-CE9AF9EDC41A}.Debug|Any CPU.Build.0 = Debug|Any CPU
		{AC55920C-562F-4429-8F1E-CE9AF9EDC41A}.Debug|ARM64.ActiveCfg = Debug|Any CPU
		{AC55920C-562F-4429-8F1E-CE9AF9EDC41A}.Debug|ARM64.Build.0 = Debug|Any CPU
		{AC55920C-562F-4429-8F1E-CE9AF9EDC41A}.Debug|x64.ActiveCfg = Debug|Any CPU
		{AC55920C-562F-4429-8F1E-CE9AF9EDC41A}.Debug|x64.Build.0 = Debug|Any CPU
		{AC55920C-562F-4429-8F1E-CE9AF9EDC41A}.Debug|x86.ActiveCfg = Debug|Any CPU
		{AC55920C-562F-4429-8F1E-CE9AF9EDC41A}.Debug|x86.Build.0 = Debug|Any CPU
		{AC55920C-562F-4429-8F1E-CE9AF9EDC41A}.Release|Any CPU.ActiveCfg = Release|Any CPU
		{AC55920C-562F-4429-8F1E-CE9AF9EDC41A}.Release|Any CPU.Build.0 = Release|Any CPU
		{AC55920C-562F-4429-8F1E-CE9AF9EDC41A}.Release|ARM64.ActiveCfg = Release|Any CPU
		{AC55920C-562F-4429-8F1E-CE9AF9EDC41A}.Release|ARM64.Build.0 = Release|Any CPU
		{AC55920C-562F-4429-8F1E-CE9AF9EDC41A}.Release|x64.ActiveCfg = Release|Any CPU
		{AC55920C-562F-4429-8F1E-CE9AF9EDC41A}.Release|x64.Build.0 = Release|Any CPU
		{AC55920C-562F-4429-8F1E-CE9AF9EDC41A}.Release|x86.ActiveCfg = Release|Any CPU
		{AC55920C-562F-4429-8F1E-CE9AF9EDC41A}.Release|x86.Build.0 = Release|Any CPU
		{8F2ED21C-FBFF-46AF-BA0D-23A4E88040EE}.Debug|Any CPU.ActiveCfg = Debug|Any CPU
		{8F2ED21C-FBFF-46AF-BA0D-23A4E88040EE}.Debug|Any CPU.Build.0 = Debug|Any CPU
		{8F2ED21C-FBFF-46AF-BA0D-23A4E88040EE}.Debug|ARM64.ActiveCfg = Debug|Any CPU
		{8F2ED21C-FBFF-46AF-BA0D-23A4E88040EE}.Debug|ARM64.Build.0 = Debug|Any CPU
		{8F2ED21C-FBFF-46AF-BA0D-23A4E88040EE}.Debug|x64.ActiveCfg = Debug|Any CPU
		{8F2ED21C-FBFF-46AF-BA0D-23A4E88040EE}.Debug|x64.Build.0 = Debug|Any CPU
		{8F2ED21C-FBFF-46AF-BA0D-23A4E88040EE}.Debug|x86.ActiveCfg = Debug|Any CPU
		{8F2ED21C-FBFF-46AF-BA0D-23A4E88040EE}.Debug|x86.Build.0 = Debug|Any CPU
		{8F2ED21C-FBFF-46AF-BA0D-23A4E88040EE}.Release|Any CPU.ActiveCfg = Release|Any CPU
		{8F2ED21C-FBFF-46AF-BA0D-23A4E88040EE}.Release|Any CPU.Build.0 = Release|Any CPU
		{8F2ED21C-FBFF-46AF-BA0D-23A4E88040EE}.Release|ARM64.ActiveCfg = Release|Any CPU
		{8F2ED21C-FBFF-46AF-BA0D-23A4E88040EE}.Release|ARM64.Build.0 = Release|Any CPU
		{8F2ED21C-FBFF-46AF-BA0D-23A4E88040EE}.Release|x64.ActiveCfg = Release|Any CPU
		{8F2ED21C-FBFF-46AF-BA0D-23A4E88040EE}.Release|x64.Build.0 = Release|Any CPU
		{8F2ED21C-FBFF-46AF-BA0D-23A4E88040EE}.Release|x86.ActiveCfg = Release|Any CPU
		{8F2ED21C-FBFF-46AF-BA0D-23A4E88040EE}.Release|x86.Build.0 = Release|Any CPU
	EndGlobalSection
	GlobalSection(SolutionProperties) = preSolution
		HideSolutionNode = FALSE
	EndGlobalSection
	GlobalSection(NestedProjects) = preSolution
		{B5F04E8E-1265-49A7-991B-D78E245DE205} = {F96D1D3B-430F-4012-A27B-E78B58D0814A}
		{041BC663-561E-4F06-BE64-9726BCB51489} = {F96D1D3B-430F-4012-A27B-E78B58D0814A}
		{58869C3F-A480-402C-B65C-A1066589CAFF} = {F96D1D3B-430F-4012-A27B-E78B58D0814A}
		{3311D184-92F8-4D31-80EB-D703D2F23CA9} = {F96D1D3B-430F-4012-A27B-E78B58D0814A}
		{843CADF6-A394-4729-80CC-009E6E9B83C2} = {9747F6FF-7EA7-43BD-A6FC-360C6A1DA2A7}
		{43E34D39-251B-4F08-8775-14781C29FFBC} = {041BC663-561E-4F06-BE64-9726BCB51489}
		{8177D42F-7F6F-428A-955C-768E103DA7FC} = {F96D1D3B-430F-4012-A27B-E78B58D0814A}
		{2197A751-741D-4CC1-8342-C99560C1253C} = {F96D1D3B-430F-4012-A27B-E78B58D0814A}
		{1ABDFD57-EEAE-419A-83B9-B5020B3A7614} = {041BC663-561E-4F06-BE64-9726BCB51489}
		{0838704C-7EB2-460B-9631-DBD5981ED4F1} = {9747F6FF-7EA7-43BD-A6FC-360C6A1DA2A7}
		{32F0AB18-7AAA-46EA-9CED-BEE6DBB2D4F0} = {9747F6FF-7EA7-43BD-A6FC-360C6A1DA2A7}
		{DF04BB29-BEBC-407B-BC52-5F663299E730} = {544D2AC1-40DA-478C-953F-33B28B231D65}
		{AA3DCCE4-352A-46F0-921E-5AEF16F970BF} = {DF04BB29-BEBC-407B-BC52-5F663299E730}
		{E2AFCC65-8C3C-4A84-87FE-83EE90CF1269} = {DF04BB29-BEBC-407B-BC52-5F663299E730}
		{81AF8367-05F5-47AE-9C98-DFD337170C28} = {9747F6FF-7EA7-43BD-A6FC-360C6A1DA2A7}
		{3F8DC717-CA8E-479F-A357-3658FB5DD5A4} = {041BC663-561E-4F06-BE64-9726BCB51489}
		{72829E22-9202-475C-8679-C68D558E765C} = {DF04BB29-BEBC-407B-BC52-5F663299E730}
		{8A6E6618-C4FD-43D2-AE4D-8467EF76972C} = {DF04BB29-BEBC-407B-BC52-5F663299E730}
		{84FAE820-DB5F-46F2-AA6F-6C85F6D2F9AE} = {DF04BB29-BEBC-407B-BC52-5F663299E730}
		{9CA7DB33-1534-473F-BCFA-EF1D0BFD186F} = {9747F6FF-7EA7-43BD-A6FC-360C6A1DA2A7}
		{AC55920C-562F-4429-8F1E-CE9AF9EDC41A} = {041BC663-561E-4F06-BE64-9726BCB51489}
	EndGlobalSection
	GlobalSection(ExtensibilityGlobals) = postSolution
		SolutionGuid = {8D369B21-3401-4E48-9D47-33012D10B776}
	EndGlobalSection
EndGlobal
