
Microsoft Visual Studio Solution File, Format Version 12.00
# Visual Studio Version 17
VisualStudioVersion = 17.8.34330.188
MinimumVisualStudioVersion = 10.0.40219.1
Project("{9A19103F-16F7-4668-BE54-9A1E7A4F7556}") = "VDownload", "VDownload\VDownload.csproj", "{62A8EAD3-6D6A-40FC-9E1E-C57C02E27244}"
EndProject
Project("{2150E333-8FDC-42A3-9474-1A3956D46DE8}") = "VDownload.Sources", "VDownload.Sources", "{9A8EB967-1EAB-439E-8FDB-B9ACAC6499EC}"
EndProject
Project("{2150E333-8FDC-42A3-9474-1A3956D46DE8}") = "VDownload.Sources.Twitch", "VDownload.Sources.Twitch", "{8D94F264-4EE9-4C24-AB77-2CCA36858309}"
EndProject
Project("{2150E333-8FDC-42A3-9474-1A3956D46DE8}") = "VDownload.Services", "VDownload.Services", "{8D351DB0-74E6-4C1E-A123-34D6BBBD5585}"
EndProject
Project("{2150E333-8FDC-42A3-9474-1A3956D46DE8}") = "VDownload.Services.UI", "VDownload.Services.UI", "{4CC2DC7D-27D2-4F52-89DF-7D45B41BB40F}"
EndProject
Project("{2150E333-8FDC-42A3-9474-1A3956D46DE8}") = "VDownload.Services.Data", "VDownload.Services.Data", "{05A45688-7EEF-4656-818A-2477625C3707}"
EndProject
Project("{2150E333-8FDC-42A3-9474-1A3956D46DE8}") = "VDownload.Services.Utility", "VDownload.Services.Utility", "{1020167A-4101-496E-82CF-41B65769DD28}"
EndProject
Project("{9A19103F-16F7-4668-BE54-9A1E7A4F7556}") = "VDownload.Services.Data.Authentication", "VDownload.Services\VDownload.Services.Data\VDownload.Services.Data.Authentication\VDownload.Services.Data.Authentication.csproj", "{FB21E094-B723-4E7F-B7CB-434BF19B66E1}"
EndProject
Project("{9A19103F-16F7-4668-BE54-9A1E7A4F7556}") = "VDownload.Services.Data.Configuration", "VDownload.Services\VDownload.Services.Data\VDownload.Services.Data.Configuration\VDownload.Services.Data.Configuration.csproj", "{A8292FE6-F29C-46EA-B9C4-788CF8C38C91}"
EndProject
Project("{9A19103F-16F7-4668-BE54-9A1E7A4F7556}") = "VDownload.Services.Data.Settings", "VDownload.Services\VDownload.Services.Data\VDownload.Services.Data.Settings\VDownload.Services.Data.Settings.csproj", "{064C9E03-87C2-4C3C-B228-5C1EE93C719F}"
EndProject
Project("{9A19103F-16F7-4668-BE54-9A1E7A4F7556}") = "VDownload.Services.UI.Notifications", "VDownload.Services\VDownload.Services.UI\VDownload.Services.UI.Notifications\VDownload.Services.UI.Notifications.csproj", "{A561A492-6BA3-42B1-9881-14D844C499FB}"
EndProject
Project("{9A19103F-16F7-4668-BE54-9A1E7A4F7556}") = "VDownload.Services.UI.Dialogs", "VDownload.Services\VDownload.Services.UI\VDownload.Services.UI.Dialogs\VDownload.Services.UI.Dialogs.csproj", "{755DC010-214D-4975-8AAA-6B48CF367935}"
EndProject
Project("{9A19103F-16F7-4668-BE54-9A1E7A4F7556}") = "VDownload.Services.UI.StoragePicker", "VDownload.Services\VDownload.Services.UI\VDownload.Services.UI.StoragePicker\VDownload.Services.UI.StoragePicker.csproj", "{F9ACBE26-EDB6-4E29-8511-DDAE48534D87}"
EndProject
Project("{9A19103F-16F7-4668-BE54-9A1E7A4F7556}") = "VDownload.Services.UI.WebView", "VDownload.Services\VDownload.Services.UI\VDownload.Services.UI.WebView\VDownload.Services.UI.WebView.csproj", "{B9307732-16BB-4289-9D92-E69FEF36C052}"
EndProject
Project("{9A19103F-16F7-4668-BE54-9A1E7A4F7556}") = "VDownload.Services.Utility.HttpClient", "VDownload.Services\VDownload.Services.Utility\VDownload.Services.Utility.HttpClient\VDownload.Services.Utility.HttpClient.csproj", "{B08B1EBC-0BA6-478E-B3F4-C1F9D0983615}"
EndProject
Project("{9A19103F-16F7-4668-BE54-9A1E7A4F7556}") = "VDownload.Services.Utility.Encryption", "VDownload.Services\VDownload.Services.Utility\VDownload.Services.Utility.Encryption\VDownload.Services.Utility.Encryption.csproj", "{B6E5B2A9-3EF5-47A4-BDC6-66173FDCFFC0}"
EndProject
Project("{9A19103F-16F7-4668-BE54-9A1E7A4F7556}") = "VDownload.Sources.Twitch", "VDownload.Sources\VDownload.Sources.Twitch\VDownload.Sources.Twitch\VDownload.Sources.Twitch.csproj", "{9C76F18C-0689-4CE1-A426-EFCBC606D606}"
EndProject
Project("{9A19103F-16F7-4668-BE54-9A1E7A4F7556}") = "VDownload.Sources.Twitch.Configuration", "VDownload.Sources\VDownload.Sources.Twitch\VDownload.Sources.Twitch.Configuration\VDownload.Sources.Twitch.Configuration.csproj", "{25637E29-4A69-4E36-B99B-33454506AD14}"
EndProject
Project("{9A19103F-16F7-4668-BE54-9A1E7A4F7556}") = "VDownload.Sources.Twitch.Authentication", "VDownload.Sources\VDownload.Sources.Twitch\VDownload.Sources.Twitch.Authentication\VDownload.Sources.Twitch.Authentication.csproj", "{86707ECB-2DC9-4E1C-96F0-BD3C9C610A3C}"
EndProject
Project("{9A19103F-16F7-4668-BE54-9A1E7A4F7556}") = "VDownload.Sources.Twitch.Api", "VDownload.Sources\VDownload.Sources.Twitch\VDownload.Sources.Twitch.Api\VDownload.Sources.Twitch.Api.csproj", "{5FA027FC-9973-4331-85F8-A3893823E73C}"
EndProject
Project("{9A19103F-16F7-4668-BE54-9A1E7A4F7556}") = "VDownload.Sources.Twitch.Models", "VDownload.Sources\VDownload.Sources.Twitch\VDownload.Sources.Twitch.Models\VDownload.Sources.Twitch.Models.csproj", "{711FA7BE-27DA-425D-9777-967F6E519CFF}"
EndProject
Project("{9A19103F-16F7-4668-BE54-9A1E7A4F7556}") = "VDownload.Sources.Common", "VDownload.Sources\VDownload.Sources.Common\VDownload.Sources.Common.csproj", "{8E850249-E79D-40E7-B02D-393632DF8B8E}"
EndProject
Project("{9A19103F-16F7-4668-BE54-9A1E7A4F7556}") = "VDownload.Sources", "VDownload.Sources\VDownload.Sources\VDownload.Sources.csproj", "{64A217AE-4E95-468E-85C3-67C27D689FF4}"
EndProject
Project("{2150E333-8FDC-42A3-9474-1A3956D46DE8}") = "VDownload.Core", "VDownload.Core", "{8539067C-9968-4AEB-928C-FEDC43989A79}"
EndProject
Project("{9A19103F-16F7-4668-BE54-9A1E7A4F7556}") = "VDownload.Models", "VDownload.Models\VDownload.Models.csproj", "{16B56EA9-C218-4A8E-B3DE-29F200EF2EE2}"
EndProject
Project("{9A19103F-16F7-4668-BE54-9A1E7A4F7556}") = "VDownload.Services.UI.StringResources", "VDownload.Services\VDownload.Services.UI\VDownload.Services.UI.StringResources\VDownload.Services.UI.StringResources.csproj", "{6F6CA153-1AC6-454A-ACDC-2C706E2A437E}"
EndProject
Project("{9A19103F-16F7-4668-BE54-9A1E7A4F7556}") = "VDownload.Services.UI.DictionaryResources", "VDownload.Services\VDownload.Services.UI\VDownload.Services.UI.DictionaryResources\VDownload.Services.UI.DictionaryResources.csproj", "{8DC55331-B9F3-4811-8474-348662963260}"
EndProject
Project("{9A19103F-16F7-4668-BE54-9A1E7A4F7556}") = "VDownload.Sources.Twitch.Settings", "VDownload.Sources\VDownload.Sources.Twitch\VDownload.Sources.Twitch.Settings\VDownload.Sources.Twitch.Settings.csproj", "{A726FD43-B111-423B-BAF6-D65B4C0E37B5}"
EndProject
Project("{9A19103F-16F7-4668-BE54-9A1E7A4F7556}") = "VDownload.Core.Strings", "VDownload.Core\VDownload.Core.Strings\VDownload.Core.Strings.csproj", "{E1D4352C-51AC-4572-8515-0B4E89A2442F}"
EndProject
Project("{9A19103F-16F7-4668-BE54-9A1E7A4F7556}") = "VDownload.Core.ViewModels", "VDownload.Core\VDownload.Core.ViewModels\VDownload.Core.ViewModels.csproj", "{54DCFBDC-7A2E-439A-92F5-E5A19A2D0DFC}"
EndProject
Project("{9A19103F-16F7-4668-BE54-9A1E7A4F7556}") = "VDownload.Core.Views", "VDownload.Core\VDownload.Core.Views\VDownload.Core.Views.csproj", "{E470FCE2-DB0D-4771-8C9D-43D8AB85FB80}"
EndProject
Project("{9A19103F-16F7-4668-BE54-9A1E7A4F7556}") = "VDownload.Core.Tasks", "VDownload.Core\VDownload.Core.Tasks\VDownload.Core.Tasks.csproj", "{3BE998A3-1126-4496-BF60-80D0CEA4D24F}"
EndProject
Project("{9A19103F-16F7-4668-BE54-9A1E7A4F7556}") = "VDownload.Services.Utility.FFmpeg", "VDownload.Services\VDownload.Services.Utility\VDownload.Services.Utility.FFmpeg\VDownload.Services.Utility.FFmpeg.csproj", "{A3166F8A-ECAD-4D4B-9BE3-96FEC799B27B}"
EndProject
Project("{9A19103F-16F7-4668-BE54-9A1E7A4F7556}") = "VDownload.Services.Utility.Filename", "VDownload.Services\VDownload.Services.Utility\VDownload.Services.Utility.Filename\VDownload.Services.Utility.Filename.csproj", "{4647EFB5-A206-4F47-976D-BAED11B52579}"
EndProject
Project("{FAE04EC0-301F-11D3-BF4B-00C04F79EFBC}") = "VDownload.Services.Utility.Network", "VDownload.Services.Utility.Network\VDownload.Services.Utility.Network.csproj", "{08AEC43D-34C3-4B19-A577-B69FF755BD7F}"
EndProject
Global
	GlobalSection(SolutionConfigurationPlatforms) = preSolution
		Debug|Any CPU = Debug|Any CPU
		Debug|ARM64 = Debug|ARM64
		Debug|x64 = Debug|x64
		Debug|x86 = Debug|x86
		Release|Any CPU = Release|Any CPU
		Release|ARM64 = Release|ARM64
		Release|x64 = Release|x64
		Release|x86 = Release|x86
	EndGlobalSection
	GlobalSection(ProjectConfigurationPlatforms) = postSolution
		{62A8EAD3-6D6A-40FC-9E1E-C57C02E27244}.Debug|Any CPU.ActiveCfg = Debug|x64
		{62A8EAD3-6D6A-40FC-9E1E-C57C02E27244}.Debug|Any CPU.Build.0 = Debug|x64
		{62A8EAD3-6D6A-40FC-9E1E-C57C02E27244}.Debug|ARM64.ActiveCfg = Debug|ARM64
		{62A8EAD3-6D6A-40FC-9E1E-C57C02E27244}.Debug|ARM64.Build.0 = Debug|ARM64
		{62A8EAD3-6D6A-40FC-9E1E-C57C02E27244}.Debug|ARM64.Deploy.0 = Debug|ARM64
		{62A8EAD3-6D6A-40FC-9E1E-C57C02E27244}.Debug|x64.ActiveCfg = Debug|x64
		{62A8EAD3-6D6A-40FC-9E1E-C57C02E27244}.Debug|x64.Build.0 = Debug|x64
		{62A8EAD3-6D6A-40FC-9E1E-C57C02E27244}.Debug|x64.Deploy.0 = Debug|x64
		{62A8EAD3-6D6A-40FC-9E1E-C57C02E27244}.Debug|x86.ActiveCfg = Debug|x86
		{62A8EAD3-6D6A-40FC-9E1E-C57C02E27244}.Debug|x86.Build.0 = Debug|x86
		{62A8EAD3-6D6A-40FC-9E1E-C57C02E27244}.Debug|x86.Deploy.0 = Debug|x86
		{62A8EAD3-6D6A-40FC-9E1E-C57C02E27244}.Release|Any CPU.ActiveCfg = Release|x64
		{62A8EAD3-6D6A-40FC-9E1E-C57C02E27244}.Release|Any CPU.Build.0 = Release|x64
		{62A8EAD3-6D6A-40FC-9E1E-C57C02E27244}.Release|ARM64.ActiveCfg = Release|ARM64
		{62A8EAD3-6D6A-40FC-9E1E-C57C02E27244}.Release|ARM64.Build.0 = Release|ARM64
		{62A8EAD3-6D6A-40FC-9E1E-C57C02E27244}.Release|ARM64.Deploy.0 = Release|ARM64
		{62A8EAD3-6D6A-40FC-9E1E-C57C02E27244}.Release|x64.ActiveCfg = Release|x64
		{62A8EAD3-6D6A-40FC-9E1E-C57C02E27244}.Release|x64.Build.0 = Release|x64
		{62A8EAD3-6D6A-40FC-9E1E-C57C02E27244}.Release|x64.Deploy.0 = Release|x64
		{62A8EAD3-6D6A-40FC-9E1E-C57C02E27244}.Release|x86.ActiveCfg = Release|x86
		{62A8EAD3-6D6A-40FC-9E1E-C57C02E27244}.Release|x86.Build.0 = Release|x86
		{62A8EAD3-6D6A-40FC-9E1E-C57C02E27244}.Release|x86.Deploy.0 = Release|x86
		{FB21E094-B723-4E7F-B7CB-434BF19B66E1}.Debug|Any CPU.ActiveCfg = Debug|Any CPU
		{FB21E094-B723-4E7F-B7CB-434BF19B66E1}.Debug|Any CPU.Build.0 = Debug|Any CPU
		{FB21E094-B723-4E7F-B7CB-434BF19B66E1}.Debug|ARM64.ActiveCfg = Debug|Any CPU
		{FB21E094-B723-4E7F-B7CB-434BF19B66E1}.Debug|ARM64.Build.0 = Debug|Any CPU
		{FB21E094-B723-4E7F-B7CB-434BF19B66E1}.Debug|x64.ActiveCfg = Debug|Any CPU
		{FB21E094-B723-4E7F-B7CB-434BF19B66E1}.Debug|x64.Build.0 = Debug|Any CPU
		{FB21E094-B723-4E7F-B7CB-434BF19B66E1}.Debug|x86.ActiveCfg = Debug|Any CPU
		{FB21E094-B723-4E7F-B7CB-434BF19B66E1}.Debug|x86.Build.0 = Debug|Any CPU
		{FB21E094-B723-4E7F-B7CB-434BF19B66E1}.Release|Any CPU.ActiveCfg = Release|Any CPU
		{FB21E094-B723-4E7F-B7CB-434BF19B66E1}.Release|Any CPU.Build.0 = Release|Any CPU
		{FB21E094-B723-4E7F-B7CB-434BF19B66E1}.Release|ARM64.ActiveCfg = Release|Any CPU
		{FB21E094-B723-4E7F-B7CB-434BF19B66E1}.Release|ARM64.Build.0 = Release|Any CPU
		{FB21E094-B723-4E7F-B7CB-434BF19B66E1}.Release|x64.ActiveCfg = Release|Any CPU
		{FB21E094-B723-4E7F-B7CB-434BF19B66E1}.Release|x64.Build.0 = Release|Any CPU
		{FB21E094-B723-4E7F-B7CB-434BF19B66E1}.Release|x86.ActiveCfg = Release|Any CPU
		{FB21E094-B723-4E7F-B7CB-434BF19B66E1}.Release|x86.Build.0 = Release|Any CPU
		{A8292FE6-F29C-46EA-B9C4-788CF8C38C91}.Debug|Any CPU.ActiveCfg = Debug|Any CPU
		{A8292FE6-F29C-46EA-B9C4-788CF8C38C91}.Debug|Any CPU.Build.0 = Debug|Any CPU
		{A8292FE6-F29C-46EA-B9C4-788CF8C38C91}.Debug|ARM64.ActiveCfg = Debug|Any CPU
		{A8292FE6-F29C-46EA-B9C4-788CF8C38C91}.Debug|ARM64.Build.0 = Debug|Any CPU
		{A8292FE6-F29C-46EA-B9C4-788CF8C38C91}.Debug|x64.ActiveCfg = Debug|Any CPU
		{A8292FE6-F29C-46EA-B9C4-788CF8C38C91}.Debug|x64.Build.0 = Debug|Any CPU
		{A8292FE6-F29C-46EA-B9C4-788CF8C38C91}.Debug|x86.ActiveCfg = Debug|Any CPU
		{A8292FE6-F29C-46EA-B9C4-788CF8C38C91}.Debug|x86.Build.0 = Debug|Any CPU
		{A8292FE6-F29C-46EA-B9C4-788CF8C38C91}.Release|Any CPU.ActiveCfg = Release|Any CPU
		{A8292FE6-F29C-46EA-B9C4-788CF8C38C91}.Release|Any CPU.Build.0 = Release|Any CPU
		{A8292FE6-F29C-46EA-B9C4-788CF8C38C91}.Release|ARM64.ActiveCfg = Release|Any CPU
		{A8292FE6-F29C-46EA-B9C4-788CF8C38C91}.Release|ARM64.Build.0 = Release|Any CPU
		{A8292FE6-F29C-46EA-B9C4-788CF8C38C91}.Release|x64.ActiveCfg = Release|Any CPU
		{A8292FE6-F29C-46EA-B9C4-788CF8C38C91}.Release|x64.Build.0 = Release|Any CPU
		{A8292FE6-F29C-46EA-B9C4-788CF8C38C91}.Release|x86.ActiveCfg = Release|Any CPU
		{A8292FE6-F29C-46EA-B9C4-788CF8C38C91}.Release|x86.Build.0 = Release|Any CPU
		{064C9E03-87C2-4C3C-B228-5C1EE93C719F}.Debug|Any CPU.ActiveCfg = Debug|Any CPU
		{064C9E03-87C2-4C3C-B228-5C1EE93C719F}.Debug|Any CPU.Build.0 = Debug|Any CPU
		{064C9E03-87C2-4C3C-B228-5C1EE93C719F}.Debug|ARM64.ActiveCfg = Debug|Any CPU
		{064C9E03-87C2-4C3C-B228-5C1EE93C719F}.Debug|ARM64.Build.0 = Debug|Any CPU
		{064C9E03-87C2-4C3C-B228-5C1EE93C719F}.Debug|x64.ActiveCfg = Debug|Any CPU
		{064C9E03-87C2-4C3C-B228-5C1EE93C719F}.Debug|x64.Build.0 = Debug|Any CPU
		{064C9E03-87C2-4C3C-B228-5C1EE93C719F}.Debug|x86.ActiveCfg = Debug|Any CPU
		{064C9E03-87C2-4C3C-B228-5C1EE93C719F}.Debug|x86.Build.0 = Debug|Any CPU
		{064C9E03-87C2-4C3C-B228-5C1EE93C719F}.Release|Any CPU.ActiveCfg = Release|Any CPU
		{064C9E03-87C2-4C3C-B228-5C1EE93C719F}.Release|Any CPU.Build.0 = Release|Any CPU
		{064C9E03-87C2-4C3C-B228-5C1EE93C719F}.Release|ARM64.ActiveCfg = Release|Any CPU
		{064C9E03-87C2-4C3C-B228-5C1EE93C719F}.Release|ARM64.Build.0 = Release|Any CPU
		{064C9E03-87C2-4C3C-B228-5C1EE93C719F}.Release|x64.ActiveCfg = Release|Any CPU
		{064C9E03-87C2-4C3C-B228-5C1EE93C719F}.Release|x64.Build.0 = Release|Any CPU
		{064C9E03-87C2-4C3C-B228-5C1EE93C719F}.Release|x86.ActiveCfg = Release|Any CPU
		{064C9E03-87C2-4C3C-B228-5C1EE93C719F}.Release|x86.Build.0 = Release|Any CPU
		{A561A492-6BA3-42B1-9881-14D844C499FB}.Debug|Any CPU.ActiveCfg = Debug|Any CPU
		{A561A492-6BA3-42B1-9881-14D844C499FB}.Debug|Any CPU.Build.0 = Debug|Any CPU
		{A561A492-6BA3-42B1-9881-14D844C499FB}.Debug|ARM64.ActiveCfg = Debug|Any CPU
		{A561A492-6BA3-42B1-9881-14D844C499FB}.Debug|ARM64.Build.0 = Debug|Any CPU
		{A561A492-6BA3-42B1-9881-14D844C499FB}.Debug|x64.ActiveCfg = Debug|Any CPU
		{A561A492-6BA3-42B1-9881-14D844C499FB}.Debug|x64.Build.0 = Debug|Any CPU
		{A561A492-6BA3-42B1-9881-14D844C499FB}.Debug|x86.ActiveCfg = Debug|Any CPU
		{A561A492-6BA3-42B1-9881-14D844C499FB}.Debug|x86.Build.0 = Debug|Any CPU
		{A561A492-6BA3-42B1-9881-14D844C499FB}.Release|Any CPU.ActiveCfg = Release|Any CPU
		{A561A492-6BA3-42B1-9881-14D844C499FB}.Release|Any CPU.Build.0 = Release|Any CPU
		{A561A492-6BA3-42B1-9881-14D844C499FB}.Release|ARM64.ActiveCfg = Release|Any CPU
		{A561A492-6BA3-42B1-9881-14D844C499FB}.Release|ARM64.Build.0 = Release|Any CPU
		{A561A492-6BA3-42B1-9881-14D844C499FB}.Release|x64.ActiveCfg = Release|Any CPU
		{A561A492-6BA3-42B1-9881-14D844C499FB}.Release|x64.Build.0 = Release|Any CPU
		{A561A492-6BA3-42B1-9881-14D844C499FB}.Release|x86.ActiveCfg = Release|Any CPU
		{A561A492-6BA3-42B1-9881-14D844C499FB}.Release|x86.Build.0 = Release|Any CPU
		{755DC010-214D-4975-8AAA-6B48CF367935}.Debug|Any CPU.ActiveCfg = Debug|Any CPU
		{755DC010-214D-4975-8AAA-6B48CF367935}.Debug|Any CPU.Build.0 = Debug|Any CPU
		{755DC010-214D-4975-8AAA-6B48CF367935}.Debug|ARM64.ActiveCfg = Debug|Any CPU
		{755DC010-214D-4975-8AAA-6B48CF367935}.Debug|ARM64.Build.0 = Debug|Any CPU
		{755DC010-214D-4975-8AAA-6B48CF367935}.Debug|x64.ActiveCfg = Debug|Any CPU
		{755DC010-214D-4975-8AAA-6B48CF367935}.Debug|x64.Build.0 = Debug|Any CPU
		{755DC010-214D-4975-8AAA-6B48CF367935}.Debug|x86.ActiveCfg = Debug|Any CPU
		{755DC010-214D-4975-8AAA-6B48CF367935}.Debug|x86.Build.0 = Debug|Any CPU
		{755DC010-214D-4975-8AAA-6B48CF367935}.Release|Any CPU.ActiveCfg = Release|Any CPU
		{755DC010-214D-4975-8AAA-6B48CF367935}.Release|Any CPU.Build.0 = Release|Any CPU
		{755DC010-214D-4975-8AAA-6B48CF367935}.Release|ARM64.ActiveCfg = Release|Any CPU
		{755DC010-214D-4975-8AAA-6B48CF367935}.Release|ARM64.Build.0 = Release|Any CPU
		{755DC010-214D-4975-8AAA-6B48CF367935}.Release|x64.ActiveCfg = Release|Any CPU
		{755DC010-214D-4975-8AAA-6B48CF367935}.Release|x64.Build.0 = Release|Any CPU
		{755DC010-214D-4975-8AAA-6B48CF367935}.Release|x86.ActiveCfg = Release|Any CPU
		{755DC010-214D-4975-8AAA-6B48CF367935}.Release|x86.Build.0 = Release|Any CPU
		{F9ACBE26-EDB6-4E29-8511-DDAE48534D87}.Debug|Any CPU.ActiveCfg = Debug|Any CPU
		{F9ACBE26-EDB6-4E29-8511-DDAE48534D87}.Debug|Any CPU.Build.0 = Debug|Any CPU
		{F9ACBE26-EDB6-4E29-8511-DDAE48534D87}.Debug|ARM64.ActiveCfg = Debug|Any CPU
		{F9ACBE26-EDB6-4E29-8511-DDAE48534D87}.Debug|ARM64.Build.0 = Debug|Any CPU
		{F9ACBE26-EDB6-4E29-8511-DDAE48534D87}.Debug|x64.ActiveCfg = Debug|Any CPU
		{F9ACBE26-EDB6-4E29-8511-DDAE48534D87}.Debug|x64.Build.0 = Debug|Any CPU
		{F9ACBE26-EDB6-4E29-8511-DDAE48534D87}.Debug|x86.ActiveCfg = Debug|Any CPU
		{F9ACBE26-EDB6-4E29-8511-DDAE48534D87}.Debug|x86.Build.0 = Debug|Any CPU
		{F9ACBE26-EDB6-4E29-8511-DDAE48534D87}.Release|Any CPU.ActiveCfg = Release|Any CPU
		{F9ACBE26-EDB6-4E29-8511-DDAE48534D87}.Release|Any CPU.Build.0 = Release|Any CPU
		{F9ACBE26-EDB6-4E29-8511-DDAE48534D87}.Release|ARM64.ActiveCfg = Release|Any CPU
		{F9ACBE26-EDB6-4E29-8511-DDAE48534D87}.Release|ARM64.Build.0 = Release|Any CPU
		{F9ACBE26-EDB6-4E29-8511-DDAE48534D87}.Release|x64.ActiveCfg = Release|Any CPU
		{F9ACBE26-EDB6-4E29-8511-DDAE48534D87}.Release|x64.Build.0 = Release|Any CPU
		{F9ACBE26-EDB6-4E29-8511-DDAE48534D87}.Release|x86.ActiveCfg = Release|Any CPU
		{F9ACBE26-EDB6-4E29-8511-DDAE48534D87}.Release|x86.Build.0 = Release|Any CPU
		{B9307732-16BB-4289-9D92-E69FEF36C052}.Debug|Any CPU.ActiveCfg = Debug|Any CPU
		{B9307732-16BB-4289-9D92-E69FEF36C052}.Debug|Any CPU.Build.0 = Debug|Any CPU
		{B9307732-16BB-4289-9D92-E69FEF36C052}.Debug|ARM64.ActiveCfg = Debug|Any CPU
		{B9307732-16BB-4289-9D92-E69FEF36C052}.Debug|ARM64.Build.0 = Debug|Any CPU
		{B9307732-16BB-4289-9D92-E69FEF36C052}.Debug|x64.ActiveCfg = Debug|Any CPU
		{B9307732-16BB-4289-9D92-E69FEF36C052}.Debug|x64.Build.0 = Debug|Any CPU
		{B9307732-16BB-4289-9D92-E69FEF36C052}.Debug|x86.ActiveCfg = Debug|Any CPU
		{B9307732-16BB-4289-9D92-E69FEF36C052}.Debug|x86.Build.0 = Debug|Any CPU
		{B9307732-16BB-4289-9D92-E69FEF36C052}.Release|Any CPU.ActiveCfg = Release|Any CPU
		{B9307732-16BB-4289-9D92-E69FEF36C052}.Release|Any CPU.Build.0 = Release|Any CPU
		{B9307732-16BB-4289-9D92-E69FEF36C052}.Release|ARM64.ActiveCfg = Release|Any CPU
		{B9307732-16BB-4289-9D92-E69FEF36C052}.Release|ARM64.Build.0 = Release|Any CPU
		{B9307732-16BB-4289-9D92-E69FEF36C052}.Release|x64.ActiveCfg = Release|Any CPU
		{B9307732-16BB-4289-9D92-E69FEF36C052}.Release|x64.Build.0 = Release|Any CPU
		{B9307732-16BB-4289-9D92-E69FEF36C052}.Release|x86.ActiveCfg = Release|Any CPU
		{B9307732-16BB-4289-9D92-E69FEF36C052}.Release|x86.Build.0 = Release|Any CPU
		{B08B1EBC-0BA6-478E-B3F4-C1F9D0983615}.Debug|Any CPU.ActiveCfg = Debug|Any CPU
		{B08B1EBC-0BA6-478E-B3F4-C1F9D0983615}.Debug|Any CPU.Build.0 = Debug|Any CPU
		{B08B1EBC-0BA6-478E-B3F4-C1F9D0983615}.Debug|ARM64.ActiveCfg = Debug|Any CPU
		{B08B1EBC-0BA6-478E-B3F4-C1F9D0983615}.Debug|ARM64.Build.0 = Debug|Any CPU
		{B08B1EBC-0BA6-478E-B3F4-C1F9D0983615}.Debug|x64.ActiveCfg = Debug|Any CPU
		{B08B1EBC-0BA6-478E-B3F4-C1F9D0983615}.Debug|x64.Build.0 = Debug|Any CPU
		{B08B1EBC-0BA6-478E-B3F4-C1F9D0983615}.Debug|x86.ActiveCfg = Debug|Any CPU
		{B08B1EBC-0BA6-478E-B3F4-C1F9D0983615}.Debug|x86.Build.0 = Debug|Any CPU
		{B08B1EBC-0BA6-478E-B3F4-C1F9D0983615}.Release|Any CPU.ActiveCfg = Release|Any CPU
		{B08B1EBC-0BA6-478E-B3F4-C1F9D0983615}.Release|Any CPU.Build.0 = Release|Any CPU
		{B08B1EBC-0BA6-478E-B3F4-C1F9D0983615}.Release|ARM64.ActiveCfg = Release|Any CPU
		{B08B1EBC-0BA6-478E-B3F4-C1F9D0983615}.Release|ARM64.Build.0 = Release|Any CPU
		{B08B1EBC-0BA6-478E-B3F4-C1F9D0983615}.Release|x64.ActiveCfg = Release|Any CPU
		{B08B1EBC-0BA6-478E-B3F4-C1F9D0983615}.Release|x64.Build.0 = Release|Any CPU
		{B08B1EBC-0BA6-478E-B3F4-C1F9D0983615}.Release|x86.ActiveCfg = Release|Any CPU
		{B08B1EBC-0BA6-478E-B3F4-C1F9D0983615}.Release|x86.Build.0 = Release|Any CPU
		{B6E5B2A9-3EF5-47A4-BDC6-66173FDCFFC0}.Debug|Any CPU.ActiveCfg = Debug|Any CPU
		{B6E5B2A9-3EF5-47A4-BDC6-66173FDCFFC0}.Debug|Any CPU.Build.0 = Debug|Any CPU
		{B6E5B2A9-3EF5-47A4-BDC6-66173FDCFFC0}.Debug|ARM64.ActiveCfg = Debug|Any CPU
		{B6E5B2A9-3EF5-47A4-BDC6-66173FDCFFC0}.Debug|ARM64.Build.0 = Debug|Any CPU
		{B6E5B2A9-3EF5-47A4-BDC6-66173FDCFFC0}.Debug|x64.ActiveCfg = Debug|Any CPU
		{B6E5B2A9-3EF5-47A4-BDC6-66173FDCFFC0}.Debug|x64.Build.0 = Debug|Any CPU
		{B6E5B2A9-3EF5-47A4-BDC6-66173FDCFFC0}.Debug|x86.ActiveCfg = Debug|Any CPU
		{B6E5B2A9-3EF5-47A4-BDC6-66173FDCFFC0}.Debug|x86.Build.0 = Debug|Any CPU
		{B6E5B2A9-3EF5-47A4-BDC6-66173FDCFFC0}.Release|Any CPU.ActiveCfg = Release|Any CPU
		{B6E5B2A9-3EF5-47A4-BDC6-66173FDCFFC0}.Release|Any CPU.Build.0 = Release|Any CPU
		{B6E5B2A9-3EF5-47A4-BDC6-66173FDCFFC0}.Release|ARM64.ActiveCfg = Release|Any CPU
		{B6E5B2A9-3EF5-47A4-BDC6-66173FDCFFC0}.Release|ARM64.Build.0 = Release|Any CPU
		{B6E5B2A9-3EF5-47A4-BDC6-66173FDCFFC0}.Release|x64.ActiveCfg = Release|Any CPU
		{B6E5B2A9-3EF5-47A4-BDC6-66173FDCFFC0}.Release|x64.Build.0 = Release|Any CPU
		{B6E5B2A9-3EF5-47A4-BDC6-66173FDCFFC0}.Release|x86.ActiveCfg = Release|Any CPU
		{B6E5B2A9-3EF5-47A4-BDC6-66173FDCFFC0}.Release|x86.Build.0 = Release|Any CPU
		{9C76F18C-0689-4CE1-A426-EFCBC606D606}.Debug|Any CPU.ActiveCfg = Debug|Any CPU
		{9C76F18C-0689-4CE1-A426-EFCBC606D606}.Debug|Any CPU.Build.0 = Debug|Any CPU
		{9C76F18C-0689-4CE1-A426-EFCBC606D606}.Debug|ARM64.ActiveCfg = Debug|Any CPU
		{9C76F18C-0689-4CE1-A426-EFCBC606D606}.Debug|ARM64.Build.0 = Debug|Any CPU
		{9C76F18C-0689-4CE1-A426-EFCBC606D606}.Debug|x64.ActiveCfg = Debug|Any CPU
		{9C76F18C-0689-4CE1-A426-EFCBC606D606}.Debug|x64.Build.0 = Debug|Any CPU
		{9C76F18C-0689-4CE1-A426-EFCBC606D606}.Debug|x86.ActiveCfg = Debug|Any CPU
		{9C76F18C-0689-4CE1-A426-EFCBC606D606}.Debug|x86.Build.0 = Debug|Any CPU
		{9C76F18C-0689-4CE1-A426-EFCBC606D606}.Release|Any CPU.ActiveCfg = Release|Any CPU
		{9C76F18C-0689-4CE1-A426-EFCBC606D606}.Release|Any CPU.Build.0 = Release|Any CPU
		{9C76F18C-0689-4CE1-A426-EFCBC606D606}.Release|ARM64.ActiveCfg = Release|Any CPU
		{9C76F18C-0689-4CE1-A426-EFCBC606D606}.Release|ARM64.Build.0 = Release|Any CPU
		{9C76F18C-0689-4CE1-A426-EFCBC606D606}.Release|x64.ActiveCfg = Release|Any CPU
		{9C76F18C-0689-4CE1-A426-EFCBC606D606}.Release|x64.Build.0 = Release|Any CPU
		{9C76F18C-0689-4CE1-A426-EFCBC606D606}.Release|x86.ActiveCfg = Release|Any CPU
		{9C76F18C-0689-4CE1-A426-EFCBC606D606}.Release|x86.Build.0 = Release|Any CPU
		{25637E29-4A69-4E36-B99B-33454506AD14}.Debug|Any CPU.ActiveCfg = Debug|Any CPU
		{25637E29-4A69-4E36-B99B-33454506AD14}.Debug|Any CPU.Build.0 = Debug|Any CPU
		{25637E29-4A69-4E36-B99B-33454506AD14}.Debug|ARM64.ActiveCfg = Debug|Any CPU
		{25637E29-4A69-4E36-B99B-33454506AD14}.Debug|ARM64.Build.0 = Debug|Any CPU
		{25637E29-4A69-4E36-B99B-33454506AD14}.Debug|x64.ActiveCfg = Debug|Any CPU
		{25637E29-4A69-4E36-B99B-33454506AD14}.Debug|x64.Build.0 = Debug|Any CPU
		{25637E29-4A69-4E36-B99B-33454506AD14}.Debug|x86.ActiveCfg = Debug|Any CPU
		{25637E29-4A69-4E36-B99B-33454506AD14}.Debug|x86.Build.0 = Debug|Any CPU
		{25637E29-4A69-4E36-B99B-33454506AD14}.Release|Any CPU.ActiveCfg = Release|Any CPU
		{25637E29-4A69-4E36-B99B-33454506AD14}.Release|Any CPU.Build.0 = Release|Any CPU
		{25637E29-4A69-4E36-B99B-33454506AD14}.Release|ARM64.ActiveCfg = Release|Any CPU
		{25637E29-4A69-4E36-B99B-33454506AD14}.Release|ARM64.Build.0 = Release|Any CPU
		{25637E29-4A69-4E36-B99B-33454506AD14}.Release|x64.ActiveCfg = Release|Any CPU
		{25637E29-4A69-4E36-B99B-33454506AD14}.Release|x64.Build.0 = Release|Any CPU
		{25637E29-4A69-4E36-B99B-33454506AD14}.Release|x86.ActiveCfg = Release|Any CPU
		{25637E29-4A69-4E36-B99B-33454506AD14}.Release|x86.Build.0 = Release|Any CPU
		{86707ECB-2DC9-4E1C-96F0-BD3C9C610A3C}.Debug|Any CPU.ActiveCfg = Debug|Any CPU
		{86707ECB-2DC9-4E1C-96F0-BD3C9C610A3C}.Debug|Any CPU.Build.0 = Debug|Any CPU
		{86707ECB-2DC9-4E1C-96F0-BD3C9C610A3C}.Debug|ARM64.ActiveCfg = Debug|Any CPU
		{86707ECB-2DC9-4E1C-96F0-BD3C9C610A3C}.Debug|ARM64.Build.0 = Debug|Any CPU
		{86707ECB-2DC9-4E1C-96F0-BD3C9C610A3C}.Debug|x64.ActiveCfg = Debug|Any CPU
		{86707ECB-2DC9-4E1C-96F0-BD3C9C610A3C}.Debug|x64.Build.0 = Debug|Any CPU
		{86707ECB-2DC9-4E1C-96F0-BD3C9C610A3C}.Debug|x86.ActiveCfg = Debug|Any CPU
		{86707ECB-2DC9-4E1C-96F0-BD3C9C610A3C}.Debug|x86.Build.0 = Debug|Any CPU
		{86707ECB-2DC9-4E1C-96F0-BD3C9C610A3C}.Release|Any CPU.ActiveCfg = Release|Any CPU
		{86707ECB-2DC9-4E1C-96F0-BD3C9C610A3C}.Release|Any CPU.Build.0 = Release|Any CPU
		{86707ECB-2DC9-4E1C-96F0-BD3C9C610A3C}.Release|ARM64.ActiveCfg = Release|Any CPU
		{86707ECB-2DC9-4E1C-96F0-BD3C9C610A3C}.Release|ARM64.Build.0 = Release|Any CPU
		{86707ECB-2DC9-4E1C-96F0-BD3C9C610A3C}.Release|x64.ActiveCfg = Release|Any CPU
		{86707ECB-2DC9-4E1C-96F0-BD3C9C610A3C}.Release|x64.Build.0 = Release|Any CPU
		{86707ECB-2DC9-4E1C-96F0-BD3C9C610A3C}.Release|x86.ActiveCfg = Release|Any CPU
		{86707ECB-2DC9-4E1C-96F0-BD3C9C610A3C}.Release|x86.Build.0 = Release|Any CPU
		{5FA027FC-9973-4331-85F8-A3893823E73C}.Debug|Any CPU.ActiveCfg = Debug|Any CPU
		{5FA027FC-9973-4331-85F8-A3893823E73C}.Debug|Any CPU.Build.0 = Debug|Any CPU
		{5FA027FC-9973-4331-85F8-A3893823E73C}.Debug|ARM64.ActiveCfg = Debug|Any CPU
		{5FA027FC-9973-4331-85F8-A3893823E73C}.Debug|ARM64.Build.0 = Debug|Any CPU
		{5FA027FC-9973-4331-85F8-A3893823E73C}.Debug|x64.ActiveCfg = Debug|Any CPU
		{5FA027FC-9973-4331-85F8-A3893823E73C}.Debug|x64.Build.0 = Debug|Any CPU
		{5FA027FC-9973-4331-85F8-A3893823E73C}.Debug|x86.ActiveCfg = Debug|Any CPU
		{5FA027FC-9973-4331-85F8-A3893823E73C}.Debug|x86.Build.0 = Debug|Any CPU
		{5FA027FC-9973-4331-85F8-A3893823E73C}.Release|Any CPU.ActiveCfg = Release|Any CPU
		{5FA027FC-9973-4331-85F8-A3893823E73C}.Release|Any CPU.Build.0 = Release|Any CPU
		{5FA027FC-9973-4331-85F8-A3893823E73C}.Release|ARM64.ActiveCfg = Release|Any CPU
		{5FA027FC-9973-4331-85F8-A3893823E73C}.Release|ARM64.Build.0 = Release|Any CPU
		{5FA027FC-9973-4331-85F8-A3893823E73C}.Release|x64.ActiveCfg = Release|Any CPU
		{5FA027FC-9973-4331-85F8-A3893823E73C}.Release|x64.Build.0 = Release|Any CPU
		{5FA027FC-9973-4331-85F8-A3893823E73C}.Release|x86.ActiveCfg = Release|Any CPU
		{5FA027FC-9973-4331-85F8-A3893823E73C}.Release|x86.Build.0 = Release|Any CPU
		{711FA7BE-27DA-425D-9777-967F6E519CFF}.Debug|Any CPU.ActiveCfg = Debug|Any CPU
		{711FA7BE-27DA-425D-9777-967F6E519CFF}.Debug|Any CPU.Build.0 = Debug|Any CPU
		{711FA7BE-27DA-425D-9777-967F6E519CFF}.Debug|ARM64.ActiveCfg = Debug|Any CPU
		{711FA7BE-27DA-425D-9777-967F6E519CFF}.Debug|ARM64.Build.0 = Debug|Any CPU
		{711FA7BE-27DA-425D-9777-967F6E519CFF}.Debug|x64.ActiveCfg = Debug|Any CPU
		{711FA7BE-27DA-425D-9777-967F6E519CFF}.Debug|x64.Build.0 = Debug|Any CPU
		{711FA7BE-27DA-425D-9777-967F6E519CFF}.Debug|x86.ActiveCfg = Debug|Any CPU
		{711FA7BE-27DA-425D-9777-967F6E519CFF}.Debug|x86.Build.0 = Debug|Any CPU
		{711FA7BE-27DA-425D-9777-967F6E519CFF}.Release|Any CPU.ActiveCfg = Release|Any CPU
		{711FA7BE-27DA-425D-9777-967F6E519CFF}.Release|Any CPU.Build.0 = Release|Any CPU
		{711FA7BE-27DA-425D-9777-967F6E519CFF}.Release|ARM64.ActiveCfg = Release|Any CPU
		{711FA7BE-27DA-425D-9777-967F6E519CFF}.Release|ARM64.Build.0 = Release|Any CPU
		{711FA7BE-27DA-425D-9777-967F6E519CFF}.Release|x64.ActiveCfg = Release|Any CPU
		{711FA7BE-27DA-425D-9777-967F6E519CFF}.Release|x64.Build.0 = Release|Any CPU
		{711FA7BE-27DA-425D-9777-967F6E519CFF}.Release|x86.ActiveCfg = Release|Any CPU
		{711FA7BE-27DA-425D-9777-967F6E519CFF}.Release|x86.Build.0 = Release|Any CPU
		{8E850249-E79D-40E7-B02D-393632DF8B8E}.Debug|Any CPU.ActiveCfg = Debug|Any CPU
		{8E850249-E79D-40E7-B02D-393632DF8B8E}.Debug|Any CPU.Build.0 = Debug|Any CPU
		{8E850249-E79D-40E7-B02D-393632DF8B8E}.Debug|ARM64.ActiveCfg = Debug|Any CPU
		{8E850249-E79D-40E7-B02D-393632DF8B8E}.Debug|ARM64.Build.0 = Debug|Any CPU
		{8E850249-E79D-40E7-B02D-393632DF8B8E}.Debug|x64.ActiveCfg = Debug|Any CPU
		{8E850249-E79D-40E7-B02D-393632DF8B8E}.Debug|x64.Build.0 = Debug|Any CPU
		{8E850249-E79D-40E7-B02D-393632DF8B8E}.Debug|x86.ActiveCfg = Debug|Any CPU
		{8E850249-E79D-40E7-B02D-393632DF8B8E}.Debug|x86.Build.0 = Debug|Any CPU
		{8E850249-E79D-40E7-B02D-393632DF8B8E}.Release|Any CPU.ActiveCfg = Release|Any CPU
		{8E850249-E79D-40E7-B02D-393632DF8B8E}.Release|Any CPU.Build.0 = Release|Any CPU
		{8E850249-E79D-40E7-B02D-393632DF8B8E}.Release|ARM64.ActiveCfg = Release|Any CPU
		{8E850249-E79D-40E7-B02D-393632DF8B8E}.Release|ARM64.Build.0 = Release|Any CPU
		{8E850249-E79D-40E7-B02D-393632DF8B8E}.Release|x64.ActiveCfg = Release|Any CPU
		{8E850249-E79D-40E7-B02D-393632DF8B8E}.Release|x64.Build.0 = Release|Any CPU
		{8E850249-E79D-40E7-B02D-393632DF8B8E}.Release|x86.ActiveCfg = Release|Any CPU
		{8E850249-E79D-40E7-B02D-393632DF8B8E}.Release|x86.Build.0 = Release|Any CPU
		{64A217AE-4E95-468E-85C3-67C27D689FF4}.Debug|Any CPU.ActiveCfg = Debug|Any CPU
		{64A217AE-4E95-468E-85C3-67C27D689FF4}.Debug|Any CPU.Build.0 = Debug|Any CPU
		{64A217AE-4E95-468E-85C3-67C27D689FF4}.Debug|ARM64.ActiveCfg = Debug|Any CPU
		{64A217AE-4E95-468E-85C3-67C27D689FF4}.Debug|ARM64.Build.0 = Debug|Any CPU
		{64A217AE-4E95-468E-85C3-67C27D689FF4}.Debug|x64.ActiveCfg = Debug|Any CPU
		{64A217AE-4E95-468E-85C3-67C27D689FF4}.Debug|x64.Build.0 = Debug|Any CPU
		{64A217AE-4E95-468E-85C3-67C27D689FF4}.Debug|x86.ActiveCfg = Debug|Any CPU
		{64A217AE-4E95-468E-85C3-67C27D689FF4}.Debug|x86.Build.0 = Debug|Any CPU
		{64A217AE-4E95-468E-85C3-67C27D689FF4}.Release|Any CPU.ActiveCfg = Release|Any CPU
		{64A217AE-4E95-468E-85C3-67C27D689FF4}.Release|Any CPU.Build.0 = Release|Any CPU
		{64A217AE-4E95-468E-85C3-67C27D689FF4}.Release|ARM64.ActiveCfg = Release|Any CPU
		{64A217AE-4E95-468E-85C3-67C27D689FF4}.Release|ARM64.Build.0 = Release|Any CPU
		{64A217AE-4E95-468E-85C3-67C27D689FF4}.Release|x64.ActiveCfg = Release|Any CPU
		{64A217AE-4E95-468E-85C3-67C27D689FF4}.Release|x64.Build.0 = Release|Any CPU
		{64A217AE-4E95-468E-85C3-67C27D689FF4}.Release|x86.ActiveCfg = Release|Any CPU
		{64A217AE-4E95-468E-85C3-67C27D689FF4}.Release|x86.Build.0 = Release|Any CPU
		{16B56EA9-C218-4A8E-B3DE-29F200EF2EE2}.Debug|Any CPU.ActiveCfg = Debug|Any CPU
		{16B56EA9-C218-4A8E-B3DE-29F200EF2EE2}.Debug|Any CPU.Build.0 = Debug|Any CPU
		{16B56EA9-C218-4A8E-B3DE-29F200EF2EE2}.Debug|ARM64.ActiveCfg = Debug|Any CPU
		{16B56EA9-C218-4A8E-B3DE-29F200EF2EE2}.Debug|ARM64.Build.0 = Debug|Any CPU
		{16B56EA9-C218-4A8E-B3DE-29F200EF2EE2}.Debug|x64.ActiveCfg = Debug|Any CPU
		{16B56EA9-C218-4A8E-B3DE-29F200EF2EE2}.Debug|x64.Build.0 = Debug|Any CPU
		{16B56EA9-C218-4A8E-B3DE-29F200EF2EE2}.Debug|x86.ActiveCfg = Debug|Any CPU
		{16B56EA9-C218-4A8E-B3DE-29F200EF2EE2}.Debug|x86.Build.0 = Debug|Any CPU
		{16B56EA9-C218-4A8E-B3DE-29F200EF2EE2}.Release|Any CPU.ActiveCfg = Release|Any CPU
		{16B56EA9-C218-4A8E-B3DE-29F200EF2EE2}.Release|Any CPU.Build.0 = Release|Any CPU
		{16B56EA9-C218-4A8E-B3DE-29F200EF2EE2}.Release|ARM64.ActiveCfg = Release|Any CPU
		{16B56EA9-C218-4A8E-B3DE-29F200EF2EE2}.Release|ARM64.Build.0 = Release|Any CPU
		{16B56EA9-C218-4A8E-B3DE-29F200EF2EE2}.Release|x64.ActiveCfg = Release|Any CPU
		{16B56EA9-C218-4A8E-B3DE-29F200EF2EE2}.Release|x64.Build.0 = Release|Any CPU
		{16B56EA9-C218-4A8E-B3DE-29F200EF2EE2}.Release|x86.ActiveCfg = Release|Any CPU
		{16B56EA9-C218-4A8E-B3DE-29F200EF2EE2}.Release|x86.Build.0 = Release|Any CPU
		{6F6CA153-1AC6-454A-ACDC-2C706E2A437E}.Debug|Any CPU.ActiveCfg = Debug|Any CPU
		{6F6CA153-1AC6-454A-ACDC-2C706E2A437E}.Debug|Any CPU.Build.0 = Debug|Any CPU
		{6F6CA153-1AC6-454A-ACDC-2C706E2A437E}.Debug|ARM64.ActiveCfg = Debug|Any CPU
		{6F6CA153-1AC6-454A-ACDC-2C706E2A437E}.Debug|ARM64.Build.0 = Debug|Any CPU
		{6F6CA153-1AC6-454A-ACDC-2C706E2A437E}.Debug|x64.ActiveCfg = Debug|Any CPU
		{6F6CA153-1AC6-454A-ACDC-2C706E2A437E}.Debug|x64.Build.0 = Debug|Any CPU
		{6F6CA153-1AC6-454A-ACDC-2C706E2A437E}.Debug|x86.ActiveCfg = Debug|Any CPU
		{6F6CA153-1AC6-454A-ACDC-2C706E2A437E}.Debug|x86.Build.0 = Debug|Any CPU
		{6F6CA153-1AC6-454A-ACDC-2C706E2A437E}.Release|Any CPU.ActiveCfg = Release|Any CPU
		{6F6CA153-1AC6-454A-ACDC-2C706E2A437E}.Release|Any CPU.Build.0 = Release|Any CPU
		{6F6CA153-1AC6-454A-ACDC-2C706E2A437E}.Release|ARM64.ActiveCfg = Release|Any CPU
		{6F6CA153-1AC6-454A-ACDC-2C706E2A437E}.Release|ARM64.Build.0 = Release|Any CPU
		{6F6CA153-1AC6-454A-ACDC-2C706E2A437E}.Release|x64.ActiveCfg = Release|Any CPU
		{6F6CA153-1AC6-454A-ACDC-2C706E2A437E}.Release|x64.Build.0 = Release|Any CPU
		{6F6CA153-1AC6-454A-ACDC-2C706E2A437E}.Release|x86.ActiveCfg = Release|Any CPU
		{6F6CA153-1AC6-454A-ACDC-2C706E2A437E}.Release|x86.Build.0 = Release|Any CPU
		{8DC55331-B9F3-4811-8474-348662963260}.Debug|Any CPU.ActiveCfg = Debug|Any CPU
		{8DC55331-B9F3-4811-8474-348662963260}.Debug|Any CPU.Build.0 = Debug|Any CPU
		{8DC55331-B9F3-4811-8474-348662963260}.Debug|ARM64.ActiveCfg = Debug|Any CPU
		{8DC55331-B9F3-4811-8474-348662963260}.Debug|ARM64.Build.0 = Debug|Any CPU
		{8DC55331-B9F3-4811-8474-348662963260}.Debug|x64.ActiveCfg = Debug|Any CPU
		{8DC55331-B9F3-4811-8474-348662963260}.Debug|x64.Build.0 = Debug|Any CPU
		{8DC55331-B9F3-4811-8474-348662963260}.Debug|x86.ActiveCfg = Debug|Any CPU
		{8DC55331-B9F3-4811-8474-348662963260}.Debug|x86.Build.0 = Debug|Any CPU
		{8DC55331-B9F3-4811-8474-348662963260}.Release|Any CPU.ActiveCfg = Release|Any CPU
		{8DC55331-B9F3-4811-8474-348662963260}.Release|Any CPU.Build.0 = Release|Any CPU
		{8DC55331-B9F3-4811-8474-348662963260}.Release|ARM64.ActiveCfg = Release|Any CPU
		{8DC55331-B9F3-4811-8474-348662963260}.Release|ARM64.Build.0 = Release|Any CPU
		{8DC55331-B9F3-4811-8474-348662963260}.Release|x64.ActiveCfg = Release|Any CPU
		{8DC55331-B9F3-4811-8474-348662963260}.Release|x64.Build.0 = Release|Any CPU
		{8DC55331-B9F3-4811-8474-348662963260}.Release|x86.ActiveCfg = Release|Any CPU
		{8DC55331-B9F3-4811-8474-348662963260}.Release|x86.Build.0 = Release|Any CPU
		{A726FD43-B111-423B-BAF6-D65B4C0E37B5}.Debug|Any CPU.ActiveCfg = Debug|Any CPU
		{A726FD43-B111-423B-BAF6-D65B4C0E37B5}.Debug|Any CPU.Build.0 = Debug|Any CPU
		{A726FD43-B111-423B-BAF6-D65B4C0E37B5}.Debug|ARM64.ActiveCfg = Debug|Any CPU
		{A726FD43-B111-423B-BAF6-D65B4C0E37B5}.Debug|ARM64.Build.0 = Debug|Any CPU
		{A726FD43-B111-423B-BAF6-D65B4C0E37B5}.Debug|x64.ActiveCfg = Debug|Any CPU
		{A726FD43-B111-423B-BAF6-D65B4C0E37B5}.Debug|x64.Build.0 = Debug|Any CPU
		{A726FD43-B111-423B-BAF6-D65B4C0E37B5}.Debug|x86.ActiveCfg = Debug|Any CPU
		{A726FD43-B111-423B-BAF6-D65B4C0E37B5}.Debug|x86.Build.0 = Debug|Any CPU
		{A726FD43-B111-423B-BAF6-D65B4C0E37B5}.Release|Any CPU.ActiveCfg = Release|Any CPU
		{A726FD43-B111-423B-BAF6-D65B4C0E37B5}.Release|Any CPU.Build.0 = Release|Any CPU
		{A726FD43-B111-423B-BAF6-D65B4C0E37B5}.Release|ARM64.ActiveCfg = Release|Any CPU
		{A726FD43-B111-423B-BAF6-D65B4C0E37B5}.Release|ARM64.Build.0 = Release|Any CPU
		{A726FD43-B111-423B-BAF6-D65B4C0E37B5}.Release|x64.ActiveCfg = Release|Any CPU
		{A726FD43-B111-423B-BAF6-D65B4C0E37B5}.Release|x64.Build.0 = Release|Any CPU
		{A726FD43-B111-423B-BAF6-D65B4C0E37B5}.Release|x86.ActiveCfg = Release|Any CPU
		{A726FD43-B111-423B-BAF6-D65B4C0E37B5}.Release|x86.Build.0 = Release|Any CPU
		{E1D4352C-51AC-4572-8515-0B4E89A2442F}.Debug|Any CPU.ActiveCfg = Debug|Any CPU
		{E1D4352C-51AC-4572-8515-0B4E89A2442F}.Debug|Any CPU.Build.0 = Debug|Any CPU
		{E1D4352C-51AC-4572-8515-0B4E89A2442F}.Debug|ARM64.ActiveCfg = Debug|Any CPU
		{E1D4352C-51AC-4572-8515-0B4E89A2442F}.Debug|ARM64.Build.0 = Debug|Any CPU
		{E1D4352C-51AC-4572-8515-0B4E89A2442F}.Debug|x64.ActiveCfg = Debug|Any CPU
		{E1D4352C-51AC-4572-8515-0B4E89A2442F}.Debug|x64.Build.0 = Debug|Any CPU
		{E1D4352C-51AC-4572-8515-0B4E89A2442F}.Debug|x86.ActiveCfg = Debug|Any CPU
		{E1D4352C-51AC-4572-8515-0B4E89A2442F}.Debug|x86.Build.0 = Debug|Any CPU
		{E1D4352C-51AC-4572-8515-0B4E89A2442F}.Release|Any CPU.ActiveCfg = Release|Any CPU
		{E1D4352C-51AC-4572-8515-0B4E89A2442F}.Release|Any CPU.Build.0 = Release|Any CPU
		{E1D4352C-51AC-4572-8515-0B4E89A2442F}.Release|ARM64.ActiveCfg = Release|Any CPU
		{E1D4352C-51AC-4572-8515-0B4E89A2442F}.Release|ARM64.Build.0 = Release|Any CPU
		{E1D4352C-51AC-4572-8515-0B4E89A2442F}.Release|x64.ActiveCfg = Release|Any CPU
		{E1D4352C-51AC-4572-8515-0B4E89A2442F}.Release|x64.Build.0 = Release|Any CPU
		{E1D4352C-51AC-4572-8515-0B4E89A2442F}.Release|x86.ActiveCfg = Release|Any CPU
		{E1D4352C-51AC-4572-8515-0B4E89A2442F}.Release|x86.Build.0 = Release|Any CPU
		{54DCFBDC-7A2E-439A-92F5-E5A19A2D0DFC}.Debug|Any CPU.ActiveCfg = Debug|Any CPU
		{54DCFBDC-7A2E-439A-92F5-E5A19A2D0DFC}.Debug|Any CPU.Build.0 = Debug|Any CPU
		{54DCFBDC-7A2E-439A-92F5-E5A19A2D0DFC}.Debug|ARM64.ActiveCfg = Debug|Any CPU
		{54DCFBDC-7A2E-439A-92F5-E5A19A2D0DFC}.Debug|ARM64.Build.0 = Debug|Any CPU
		{54DCFBDC-7A2E-439A-92F5-E5A19A2D0DFC}.Debug|x64.ActiveCfg = Debug|Any CPU
		{54DCFBDC-7A2E-439A-92F5-E5A19A2D0DFC}.Debug|x64.Build.0 = Debug|Any CPU
		{54DCFBDC-7A2E-439A-92F5-E5A19A2D0DFC}.Debug|x86.ActiveCfg = Debug|Any CPU
		{54DCFBDC-7A2E-439A-92F5-E5A19A2D0DFC}.Debug|x86.Build.0 = Debug|Any CPU
		{54DCFBDC-7A2E-439A-92F5-E5A19A2D0DFC}.Release|Any CPU.ActiveCfg = Release|Any CPU
		{54DCFBDC-7A2E-439A-92F5-E5A19A2D0DFC}.Release|Any CPU.Build.0 = Release|Any CPU
		{54DCFBDC-7A2E-439A-92F5-E5A19A2D0DFC}.Release|ARM64.ActiveCfg = Release|Any CPU
		{54DCFBDC-7A2E-439A-92F5-E5A19A2D0DFC}.Release|ARM64.Build.0 = Release|Any CPU
		{54DCFBDC-7A2E-439A-92F5-E5A19A2D0DFC}.Release|x64.ActiveCfg = Release|Any CPU
		{54DCFBDC-7A2E-439A-92F5-E5A19A2D0DFC}.Release|x64.Build.0 = Release|Any CPU
		{54DCFBDC-7A2E-439A-92F5-E5A19A2D0DFC}.Release|x86.ActiveCfg = Release|Any CPU
		{54DCFBDC-7A2E-439A-92F5-E5A19A2D0DFC}.Release|x86.Build.0 = Release|Any CPU
		{E470FCE2-DB0D-4771-8C9D-43D8AB85FB80}.Debug|Any CPU.ActiveCfg = Debug|Any CPU
		{E470FCE2-DB0D-4771-8C9D-43D8AB85FB80}.Debug|Any CPU.Build.0 = Debug|Any CPU
		{E470FCE2-DB0D-4771-8C9D-43D8AB85FB80}.Debug|ARM64.ActiveCfg = Debug|Any CPU
		{E470FCE2-DB0D-4771-8C9D-43D8AB85FB80}.Debug|ARM64.Build.0 = Debug|Any CPU
		{E470FCE2-DB0D-4771-8C9D-43D8AB85FB80}.Debug|x64.ActiveCfg = Debug|Any CPU
		{E470FCE2-DB0D-4771-8C9D-43D8AB85FB80}.Debug|x64.Build.0 = Debug|Any CPU
		{E470FCE2-DB0D-4771-8C9D-43D8AB85FB80}.Debug|x86.ActiveCfg = Debug|Any CPU
		{E470FCE2-DB0D-4771-8C9D-43D8AB85FB80}.Debug|x86.Build.0 = Debug|Any CPU
		{E470FCE2-DB0D-4771-8C9D-43D8AB85FB80}.Release|Any CPU.ActiveCfg = Release|Any CPU
		{E470FCE2-DB0D-4771-8C9D-43D8AB85FB80}.Release|Any CPU.Build.0 = Release|Any CPU
		{E470FCE2-DB0D-4771-8C9D-43D8AB85FB80}.Release|ARM64.ActiveCfg = Release|Any CPU
		{E470FCE2-DB0D-4771-8C9D-43D8AB85FB80}.Release|ARM64.Build.0 = Release|Any CPU
		{E470FCE2-DB0D-4771-8C9D-43D8AB85FB80}.Release|x64.ActiveCfg = Release|Any CPU
		{E470FCE2-DB0D-4771-8C9D-43D8AB85FB80}.Release|x64.Build.0 = Release|Any CPU
		{E470FCE2-DB0D-4771-8C9D-43D8AB85FB80}.Release|x86.ActiveCfg = Release|Any CPU
		{E470FCE2-DB0D-4771-8C9D-43D8AB85FB80}.Release|x86.Build.0 = Release|Any CPU
		{3BE998A3-1126-4496-BF60-80D0CEA4D24F}.Debug|Any CPU.ActiveCfg = Debug|Any CPU
		{3BE998A3-1126-4496-BF60-80D0CEA4D24F}.Debug|Any CPU.Build.0 = Debug|Any CPU
		{3BE998A3-1126-4496-BF60-80D0CEA4D24F}.Debug|ARM64.ActiveCfg = Debug|Any CPU
		{3BE998A3-1126-4496-BF60-80D0CEA4D24F}.Debug|ARM64.Build.0 = Debug|Any CPU
		{3BE998A3-1126-4496-BF60-80D0CEA4D24F}.Debug|x64.ActiveCfg = Debug|Any CPU
		{3BE998A3-1126-4496-BF60-80D0CEA4D24F}.Debug|x64.Build.0 = Debug|Any CPU
		{3BE998A3-1126-4496-BF60-80D0CEA4D24F}.Debug|x86.ActiveCfg = Debug|Any CPU
		{3BE998A3-1126-4496-BF60-80D0CEA4D24F}.Debug|x86.Build.0 = Debug|Any CPU
		{3BE998A3-1126-4496-BF60-80D0CEA4D24F}.Release|Any CPU.ActiveCfg = Release|Any CPU
		{3BE998A3-1126-4496-BF60-80D0CEA4D24F}.Release|Any CPU.Build.0 = Release|Any CPU
		{3BE998A3-1126-4496-BF60-80D0CEA4D24F}.Release|ARM64.ActiveCfg = Release|Any CPU
		{3BE998A3-1126-4496-BF60-80D0CEA4D24F}.Release|ARM64.Build.0 = Release|Any CPU
		{3BE998A3-1126-4496-BF60-80D0CEA4D24F}.Release|x64.ActiveCfg = Release|Any CPU
		{3BE998A3-1126-4496-BF60-80D0CEA4D24F}.Release|x64.Build.0 = Release|Any CPU
		{3BE998A3-1126-4496-BF60-80D0CEA4D24F}.Release|x86.ActiveCfg = Release|Any CPU
		{3BE998A3-1126-4496-BF60-80D0CEA4D24F}.Release|x86.Build.0 = Release|Any CPU
		{A3166F8A-ECAD-4D4B-9BE3-96FEC799B27B}.Debug|Any CPU.ActiveCfg = Debug|Any CPU
		{A3166F8A-ECAD-4D4B-9BE3-96FEC799B27B}.Debug|Any CPU.Build.0 = Debug|Any CPU
		{A3166F8A-ECAD-4D4B-9BE3-96FEC799B27B}.Debug|ARM64.ActiveCfg = Debug|Any CPU
		{A3166F8A-ECAD-4D4B-9BE3-96FEC799B27B}.Debug|ARM64.Build.0 = Debug|Any CPU
		{A3166F8A-ECAD-4D4B-9BE3-96FEC799B27B}.Debug|x64.ActiveCfg = Debug|Any CPU
		{A3166F8A-ECAD-4D4B-9BE3-96FEC799B27B}.Debug|x64.Build.0 = Debug|Any CPU
		{A3166F8A-ECAD-4D4B-9BE3-96FEC799B27B}.Debug|x86.ActiveCfg = Debug|Any CPU
		{A3166F8A-ECAD-4D4B-9BE3-96FEC799B27B}.Debug|x86.Build.0 = Debug|Any CPU
		{A3166F8A-ECAD-4D4B-9BE3-96FEC799B27B}.Release|Any CPU.ActiveCfg = Release|Any CPU
		{A3166F8A-ECAD-4D4B-9BE3-96FEC799B27B}.Release|Any CPU.Build.0 = Release|Any CPU
		{A3166F8A-ECAD-4D4B-9BE3-96FEC799B27B}.Release|ARM64.ActiveCfg = Release|Any CPU
		{A3166F8A-ECAD-4D4B-9BE3-96FEC799B27B}.Release|ARM64.Build.0 = Release|Any CPU
		{A3166F8A-ECAD-4D4B-9BE3-96FEC799B27B}.Release|x64.ActiveCfg = Release|Any CPU
		{A3166F8A-ECAD-4D4B-9BE3-96FEC799B27B}.Release|x64.Build.0 = Release|Any CPU
		{A3166F8A-ECAD-4D4B-9BE3-96FEC799B27B}.Release|x86.ActiveCfg = Release|Any CPU
		{A3166F8A-ECAD-4D4B-9BE3-96FEC799B27B}.Release|x86.Build.0 = Release|Any CPU
		{4647EFB5-A206-4F47-976D-BAED11B52579}.Debug|Any CPU.ActiveCfg = Debug|Any CPU
		{4647EFB5-A206-4F47-976D-BAED11B52579}.Debug|Any CPU.Build.0 = Debug|Any CPU
		{4647EFB5-A206-4F47-976D-BAED11B52579}.Debug|ARM64.ActiveCfg = Debug|Any CPU
		{4647EFB5-A206-4F47-976D-BAED11B52579}.Debug|ARM64.Build.0 = Debug|Any CPU
		{4647EFB5-A206-4F47-976D-BAED11B52579}.Debug|x64.ActiveCfg = Debug|Any CPU
		{4647EFB5-A206-4F47-976D-BAED11B52579}.Debug|x64.Build.0 = Debug|Any CPU
		{4647EFB5-A206-4F47-976D-BAED11B52579}.Debug|x86.ActiveCfg = Debug|Any CPU
		{4647EFB5-A206-4F47-976D-BAED11B52579}.Debug|x86.Build.0 = Debug|Any CPU
		{4647EFB5-A206-4F47-976D-BAED11B52579}.Release|Any CPU.ActiveCfg = Release|Any CPU
		{4647EFB5-A206-4F47-976D-BAED11B52579}.Release|Any CPU.Build.0 = Release|Any CPU
		{4647EFB5-A206-4F47-976D-BAED11B52579}.Release|ARM64.ActiveCfg = Release|Any CPU
		{4647EFB5-A206-4F47-976D-BAED11B52579}.Release|ARM64.Build.0 = Release|Any CPU
		{4647EFB5-A206-4F47-976D-BAED11B52579}.Release|x64.ActiveCfg = Release|Any CPU
		{4647EFB5-A206-4F47-976D-BAED11B52579}.Release|x64.Build.0 = Release|Any CPU
		{4647EFB5-A206-4F47-976D-BAED11B52579}.Release|x86.ActiveCfg = Release|Any CPU
		{4647EFB5-A206-4F47-976D-BAED11B52579}.Release|x86.Build.0 = Release|Any CPU
		{08AEC43D-34C3-4B19-A577-B69FF755BD7F}.Debug|Any CPU.ActiveCfg = Debug|Any CPU
		{08AEC43D-34C3-4B19-A577-B69FF755BD7F}.Debug|Any CPU.Build.0 = Debug|Any CPU
		{08AEC43D-34C3-4B19-A577-B69FF755BD7F}.Debug|ARM64.ActiveCfg = Debug|Any CPU
		{08AEC43D-34C3-4B19-A577-B69FF755BD7F}.Debug|ARM64.Build.0 = Debug|Any CPU
		{08AEC43D-34C3-4B19-A577-B69FF755BD7F}.Debug|x64.ActiveCfg = Debug|Any CPU
		{08AEC43D-34C3-4B19-A577-B69FF755BD7F}.Debug|x64.Build.0 = Debug|Any CPU
		{08AEC43D-34C3-4B19-A577-B69FF755BD7F}.Debug|x86.ActiveCfg = Debug|Any CPU
		{08AEC43D-34C3-4B19-A577-B69FF755BD7F}.Debug|x86.Build.0 = Debug|Any CPU
		{08AEC43D-34C3-4B19-A577-B69FF755BD7F}.Release|Any CPU.ActiveCfg = Release|Any CPU
		{08AEC43D-34C3-4B19-A577-B69FF755BD7F}.Release|Any CPU.Build.0 = Release|Any CPU
		{08AEC43D-34C3-4B19-A577-B69FF755BD7F}.Release|ARM64.ActiveCfg = Release|Any CPU
		{08AEC43D-34C3-4B19-A577-B69FF755BD7F}.Release|ARM64.Build.0 = Release|Any CPU
		{08AEC43D-34C3-4B19-A577-B69FF755BD7F}.Release|x64.ActiveCfg = Release|Any CPU
		{08AEC43D-34C3-4B19-A577-B69FF755BD7F}.Release|x64.Build.0 = Release|Any CPU
		{08AEC43D-34C3-4B19-A577-B69FF755BD7F}.Release|x86.ActiveCfg = Release|Any CPU
		{08AEC43D-34C3-4B19-A577-B69FF755BD7F}.Release|x86.Build.0 = Release|Any CPU
	EndGlobalSection
	GlobalSection(SolutionProperties) = preSolution
		HideSolutionNode = FALSE
	EndGlobalSection
	GlobalSection(NestedProjects) = preSolution
		{8D94F264-4EE9-4C24-AB77-2CCA36858309} = {9A8EB967-1EAB-439E-8FDB-B9ACAC6499EC}
		{4CC2DC7D-27D2-4F52-89DF-7D45B41BB40F} = {8D351DB0-74E6-4C1E-A123-34D6BBBD5585}
		{05A45688-7EEF-4656-818A-2477625C3707} = {8D351DB0-74E6-4C1E-A123-34D6BBBD5585}
		{1020167A-4101-496E-82CF-41B65769DD28} = {8D351DB0-74E6-4C1E-A123-34D6BBBD5585}
		{FB21E094-B723-4E7F-B7CB-434BF19B66E1} = {05A45688-7EEF-4656-818A-2477625C3707}
		{A8292FE6-F29C-46EA-B9C4-788CF8C38C91} = {05A45688-7EEF-4656-818A-2477625C3707}
		{064C9E03-87C2-4C3C-B228-5C1EE93C719F} = {05A45688-7EEF-4656-818A-2477625C3707}
		{A561A492-6BA3-42B1-9881-14D844C499FB} = {4CC2DC7D-27D2-4F52-89DF-7D45B41BB40F}
		{755DC010-214D-4975-8AAA-6B48CF367935} = {4CC2DC7D-27D2-4F52-89DF-7D45B41BB40F}
		{F9ACBE26-EDB6-4E29-8511-DDAE48534D87} = {4CC2DC7D-27D2-4F52-89DF-7D45B41BB40F}
		{B9307732-16BB-4289-9D92-E69FEF36C052} = {4CC2DC7D-27D2-4F52-89DF-7D45B41BB40F}
		{B08B1EBC-0BA6-478E-B3F4-C1F9D0983615} = {1020167A-4101-496E-82CF-41B65769DD28}
		{B6E5B2A9-3EF5-47A4-BDC6-66173FDCFFC0} = {1020167A-4101-496E-82CF-41B65769DD28}
		{9C76F18C-0689-4CE1-A426-EFCBC606D606} = {8D94F264-4EE9-4C24-AB77-2CCA36858309}
		{25637E29-4A69-4E36-B99B-33454506AD14} = {8D94F264-4EE9-4C24-AB77-2CCA36858309}
		{86707ECB-2DC9-4E1C-96F0-BD3C9C610A3C} = {8D94F264-4EE9-4C24-AB77-2CCA36858309}
		{5FA027FC-9973-4331-85F8-A3893823E73C} = {8D94F264-4EE9-4C24-AB77-2CCA36858309}
		{711FA7BE-27DA-425D-9777-967F6E519CFF} = {8D94F264-4EE9-4C24-AB77-2CCA36858309}
		{8E850249-E79D-40E7-B02D-393632DF8B8E} = {9A8EB967-1EAB-439E-8FDB-B9ACAC6499EC}
		{64A217AE-4E95-468E-85C3-67C27D689FF4} = {9A8EB967-1EAB-439E-8FDB-B9ACAC6499EC}
		{6F6CA153-1AC6-454A-ACDC-2C706E2A437E} = {4CC2DC7D-27D2-4F52-89DF-7D45B41BB40F}
		{8DC55331-B9F3-4811-8474-348662963260} = {4CC2DC7D-27D2-4F52-89DF-7D45B41BB40F}
		{A726FD43-B111-423B-BAF6-D65B4C0E37B5} = {8D94F264-4EE9-4C24-AB77-2CCA36858309}
		{E1D4352C-51AC-4572-8515-0B4E89A2442F} = {8539067C-9968-4AEB-928C-FEDC43989A79}
		{54DCFBDC-7A2E-439A-92F5-E5A19A2D0DFC} = {8539067C-9968-4AEB-928C-FEDC43989A79}
		{E470FCE2-DB0D-4771-8C9D-43D8AB85FB80} = {8539067C-9968-4AEB-928C-FEDC43989A79}
		{3BE998A3-1126-4496-BF60-80D0CEA4D24F} = {8539067C-9968-4AEB-928C-FEDC43989A79}
		{A3166F8A-ECAD-4D4B-9BE3-96FEC799B27B} = {1020167A-4101-496E-82CF-41B65769DD28}
		{4647EFB5-A206-4F47-976D-BAED11B52579} = {1020167A-4101-496E-82CF-41B65769DD28}
		{08AEC43D-34C3-4B19-A577-B69FF755BD7F} = {1020167A-4101-496E-82CF-41B65769DD28}
	EndGlobalSection
	GlobalSection(ExtensibilityGlobals) = postSolution
		SolutionGuid = {9FD7B842-C3E2-4FD0-AD8A-C8E619280AB7}
	EndGlobalSection
EndGlobal
